
Microsoft Visual Studio Solution File, Format Version 10.00
# Visual Studio 2008
Project("{E24C65DC-7377-472B-9ABA-BC803B73C61A}") = "Install", "..\Install", "{2D55B68D-86F0-4F1A-A57E-C4CD00CA013C}"
	ProjectSection(WebsiteProperties) = preProject
		TargetFramework = "3.5"
		Debug.AspNetCompiler.VirtualPath = "/Install"
		Debug.AspNetCompiler.PhysicalPath = "..\Install\"
		Debug.AspNetCompiler.TargetPath = "PrecompiledWeb\Install\"
		Debug.AspNetCompiler.Updateable = "true"
		Debug.AspNetCompiler.ForceOverwrite = "true"
		Debug.AspNetCompiler.FixedNames = "false"
		Debug.AspNetCompiler.Debug = "True"
		Release.AspNetCompiler.VirtualPath = "/Install"
		Release.AspNetCompiler.PhysicalPath = "..\Install\"
		Release.AspNetCompiler.TargetPath = "PrecompiledWeb\Install\"
		Release.AspNetCompiler.Updateable = "true"
		Release.AspNetCompiler.ForceOverwrite = "true"
		Release.AspNetCompiler.FixedNames = "false"
		Release.AspNetCompiler.Debug = "False"
		VWDPort = "52852"
	EndProjectSection
EndProject
Global
	GlobalSection(SolutionConfigurationPlatforms) = preSolution
		Debug|Any CPU = Debug|Any CPU
	EndGlobalSection
	GlobalSection(ProjectConfigurationPlatforms) = postSolution
		{2D55B68D-86F0-4F1A-A57E-C4CD00CA013C}.Debug|Any CPU.ActiveCfg = Debug|Any CPU
		{2D55B68D-86F0-4F1A-A57E-C4CD00CA013C}.Debug|Any CPU.Build.0 = Debug|Any CPU
	EndGlobalSection
	GlobalSection(SolutionProperties) = preSolution
		HideSolutionNode = FALSE
	EndGlobalSection
EndGlobal
