Microsoft Visual Studio Solution File, Format Version 8.00
Project("{8BC9CEB8-8B4A-11D0-8D11-00A0C91BC942}") = "dualmode", "dualmode.vcproj", "{532DA3F9-2039-44AA-9E9C-FE5DA455BDFE}"
	ProjectSection(ProjectDependencies) = postProject
	EndProjectSection
EndProject
Global
	GlobalSection(SolutionConfiguration) = preSolution
		Debug = Debug
		Release = Release
	EndGlobalSection
	GlobalSection(ProjectConfiguration) = postSolution
		{532DA3F9-2039-44AA-9E9C-FE5DA455BDFE}.Debug.ActiveCfg = Debug|Win32
		{532DA3F9-2039-44AA-9E9C-FE5DA455BDFE}.Debug.Build.0 = Debug|Win32
		{532DA3F9-2039-44AA-9E9C-FE5DA455BDFE}.Release.ActiveCfg = Release|Win32
		{532DA3F9-2039-44AA-9E9C-FE5DA455BDFE}.Release.Build.0 = Release|Win32
	EndGlobalSection
	GlobalSection(ExtensibilityGlobals) = postSolution
	EndGlobalSection
	GlobalSection(ExtensibilityAddIns) = postSolution
	EndGlobalSection
EndGlobal
