Microsoft Visual Studio Solution File, Format Version 9.00
# Visual Studio 2005
Project("{8BC9CEB8-8B4A-11D0-8D11-00A0C91BC942}") = "Core", "Core\Core.vcproj", "{DBACC8DE-751E-4AE9-ACA0-83ED919C4901}"
EndProject
Project("{8BC9CEB8-8B4A-11D0-8D11-00A0C91BC942}") = "D3DDrv", "D3DDrv\D3DDrv.vcproj", "{D3ECDD46-09B6-4091-94DC-E82311719644}"
EndProject
Project("{8BC9CEB8-8B4A-11D0-8D11-00A0C91BC942}") = "Editor", "Editor\Editor.vcproj", "{D701000E-E334-4915-ACE9-D59E50F98A4B}"
EndProject
Project("{8BC9CEB8-8B4A-11D0-8D11-00A0C91BC942}") = "Engine", "Engine\Engine.vcproj", "{F33F4FE6-1840-446E-A7D8-903B8EDFB14B}"
	ProjectSection(ProjectDependencies) = postProject
		{D3ECDD46-09B6-4091-94DC-E82311719644} = {D3ECDD46-09B6-4091-94DC-E82311719644}
	EndProjectSection
EndProject
Project("{8BC9CEB8-8B4A-11D0-8D11-00A0C91BC942}") = "WinDrv", "WinDrv\WinDrv.vcproj", "{86840283-B05A-4612-9323-ECA46F066623}"
EndProject
Project("{8BC9CEB8-8B4A-11D0-8D11-00A0C91BC942}") = "ALAudio", "ALAudio\ALAudio.vcproj", "{E67A30E5-2A88-494A-8AEC-9D079A6BE10A}"
EndProject
Project("{8BC9CEB8-8B4A-11D0-8D11-00A0C91BC942}") = "UTGame", "UTGame\UTGame.vcproj", "{C0278832-71FF-43D5-BFE2-DE265B8A4678}"
EndProject
Project("{8BC9CEB8-8B4A-11D0-8D11-00A0C91BC942}") = "UnrealEd", "UnrealEd\UnrealEd.vcproj", "{20C50653-B887-40EC-B85B-06BF6E24FDB4}"
EndProject
Project("{8BC9CEB8-8B4A-11D0-8D11-00A0C91BC942}") = "IpDrv", "IpDrv\IpDrv.vcproj", "{0EE028CA-72A3-4A1D-ADEF-0D60B3B2EEE7}"
EndProject
Project("{8BC9CEB8-8B4A-11D0-8D11-00A0C91BC942}") = "PCLaunch-UTGame", "Launch\PCLaunch-UTGame.vcproj", "{6A55C9B2-DDD0-4BE9-BADA-CA34A1B5E259}"
	ProjectSection(ProjectDependencies) = postProject
		{D701000E-E334-4915-ACE9-D59E50F98A4B} = {D701000E-E334-4915-ACE9-D59E50F98A4B}
		{C0278832-71FF-43D5-BFE2-DE265B8A4678} = {C0278832-71FF-43D5-BFE2-DE265B8A4678}
		{D3ECDD46-09B6-4091-94DC-E82311719644} = {D3ECDD46-09B6-4091-94DC-E82311719644}
		{43494D47-541C-486E-91F8-1EB0F552CAFD} = {43494D47-541C-486E-91F8-1EB0F552CAFD}
		{20C50653-B887-40EC-B85B-06BF6E24FDB4} = {20C50653-B887-40EC-B85B-06BF6E24FDB4}
		{90323061-711F-4F24-8B95-62CC3C4B3FE7} = {90323061-711F-4F24-8B95-62CC3C4B3FE7}
		{86840283-B05A-4612-9323-ECA46F066623} = {86840283-B05A-4612-9323-ECA46F066623}
		{8EB76892-BC06-4623-A238-DEA5FD36F0C6} = {8EB76892-BC06-4623-A238-DEA5FD36F0C6}
		{0EE028CA-72A3-4A1D-ADEF-0D60B3B2EEE7} = {0EE028CA-72A3-4A1D-ADEF-0D60B3B2EEE7}
		{D81C72CB-E8FC-4442-9D29-E060415DDBAA} = {D81C72CB-E8FC-4442-9D29-E060415DDBAA}
		{DBACC8DE-751E-4AE9-ACA0-83ED919C4901} = {DBACC8DE-751E-4AE9-ACA0-83ED919C4901}
		{E67A30E5-2A88-494A-8AEC-9D079A6BE10A} = {E67A30E5-2A88-494A-8AEC-9D079A6BE10A}
		{F33F4FE6-1840-446E-A7D8-903B8EDFB14B} = {F33F4FE6-1840-446E-A7D8-903B8EDFB14B}
	EndProjectSection
EndProject
Project("{8BC9CEB8-8B4A-11D0-8D11-00A0C91BC942}") = "PCLaunch-WarGame", "Launch\PCLaunch-WarGame.vcproj", "{2A7BF81E-CA2F-415A-92A0-4C977A626854}"
	ProjectSection(ProjectDependencies) = postProject
		{D701000E-E334-4915-ACE9-D59E50F98A4B} = {D701000E-E334-4915-ACE9-D59E50F98A4B}
		{D3ECDD46-09B6-4091-94DC-E82311719644} = {D3ECDD46-09B6-4091-94DC-E82311719644}
		{43494D47-541C-486E-91F8-1EB0F552CAFD} = {43494D47-541C-486E-91F8-1EB0F552CAFD}
		{20C50653-B887-40EC-B85B-06BF6E24FDB4} = {20C50653-B887-40EC-B85B-06BF6E24FDB4}
		{90323061-711F-4F24-8B95-62CC3C4B3FE7} = {90323061-711F-4F24-8B95-62CC3C4B3FE7}
		{86840283-B05A-4612-9323-ECA46F066623} = {86840283-B05A-4612-9323-ECA46F066623}
		{0EE028CA-72A3-4A1D-ADEF-0D60B3B2EEE7} = {0EE028CA-72A3-4A1D-ADEF-0D60B3B2EEE7}
		{D81C72CB-E8FC-4442-9D29-E060415DDBAA} = {D81C72CB-E8FC-4442-9D29-E060415DDBAA}
		{DBACC8DE-751E-4AE9-ACA0-83ED919C4901} = {DBACC8DE-751E-4AE9-ACA0-83ED919C4901}
		{E67A30E5-2A88-494A-8AEC-9D079A6BE10A} = {E67A30E5-2A88-494A-8AEC-9D079A6BE10A}
		{F33F4FE6-1840-446E-A7D8-903B8EDFB14B} = {F33F4FE6-1840-446E-A7D8-903B8EDFB14B}
	EndProjectSection
EndProject
Project("{8BC9CEB8-8B4A-11D0-8D11-00A0C91BC942}") = "PCLaunch-ExampleGame", "Launch\PCLaunch-ExampleGame.vcproj", "{2CC3F9B1-8A93-4F2B-BBDC-7299180B3A9F}"
	ProjectSection(ProjectDependencies) = postProject
		{D701000E-E334-4915-ACE9-D59E50F98A4B} = {D701000E-E334-4915-ACE9-D59E50F98A4B}
		{86922020-EFDB-11D9-8CD6-0800200C9A66} = {86922020-EFDB-11D9-8CD6-0800200C9A66}
		{3933DD39-0C20-494C-9A48-BD319A2F55E6} = {3933DD39-0C20-494C-9A48-BD319A2F55E6}
		{D3ECDD46-09B6-4091-94DC-E82311719644} = {D3ECDD46-09B6-4091-94DC-E82311719644}
		{43494D47-541C-486E-91F8-1EB0F552CAFD} = {43494D47-541C-486E-91F8-1EB0F552CAFD}
		{20C50653-B887-40EC-B85B-06BF6E24FDB4} = {20C50653-B887-40EC-B85B-06BF6E24FDB4}
		{90323061-711F-4F24-8B95-62CC3C4B3FE7} = {90323061-711F-4F24-8B95-62CC3C4B3FE7}
		{86840283-B05A-4612-9323-ECA46F066623} = {86840283-B05A-4612-9323-ECA46F066623}
		{0EE028CA-72A3-4A1D-ADEF-0D60B3B2EEE7} = {0EE028CA-72A3-4A1D-ADEF-0D60B3B2EEE7}
		{D81C72CB-E8FC-4442-9D29-E060415DDBAA} = {D81C72CB-E8FC-4442-9D29-E060415DDBAA}
		{DBACC8DE-751E-4AE9-ACA0-83ED919C4901} = {DBACC8DE-751E-4AE9-ACA0-83ED919C4901}
		{E67A30E5-2A88-494A-8AEC-9D079A6BE10A} = {E67A30E5-2A88-494A-8AEC-9D079A6BE10A}
		{F33F4FE6-1840-446E-A7D8-903B8EDFB14B} = {F33F4FE6-1840-446E-A7D8-903B8EDFB14B}
	EndProjectSection
EndProject
Project("{8BC9CEB8-8B4A-11D0-8D11-00A0C91BC942}") = "ExampleGame", "ExampleGame\ExampleGame.vcproj", "{3933DD39-0C20-494C-9A48-BD319A2F55E6}"
EndProject
Project("{8BC9CEB8-8B4A-11D0-8D11-00A0C91BC942}") = "ExampleEditor", "ExampleEditor\ExampleEditor.vcproj", "{86922020-EFDB-11D9-8CD6-0800200C9A66}"
EndProject
Project("{8BC9CEB8-8B4A-11D0-8D11-00A0C91BC942}") = "GameFramework", "GameFramework\GameFramework.vcproj", "{D81C72CB-E8FC-4442-9D29-E060415DDBAA}"
EndProject
Project("{8BC9CEB8-8B4A-11D0-8D11-00A0C91BC942}") = "UnrealScriptTest", "UnrealScriptTest\UnrealScriptTest.vcproj", "{43494D47-541C-486E-91F8-1EB0F552CAFD}"
EndProject
Project("{8BC9CEB8-8B4A-11D0-8D11-00A0C91BC942}") = "FxStudio", "..\External\FaceFX\FxStudio\FxStudio.vcproj", "{90323061-711F-4F24-8B95-62CC3C4B3FE7}"
EndProject
Project("{8BC9CEB8-8B4A-11D0-8D11-00A0C91BC942}") = "OnlineSubsystemLive", "OnlineSubsystemLive\OnlineSubsystemLive.vcproj", "{EEDADA55-1F78-46AA-BE37-7F6EA57910E5}"
EndProject
Project("{8BC9CEB8-8B4A-11D0-8D11-00A0C91BC942}") = "UTEditor", "UTEditor\UTEditor.vcproj", "{8EB76892-BC06-4623-A238-DEA5FD36F0C6}"
EndProject
Project("{8BC9CEB8-8B4A-11D0-8D11-00A0C91BC942}") = "UTGameContent", "UTGameContent\UTGameContent.vcproj", "{62D5D40C-85AF-4767-9937-BA67FF1A2D4A}"
EndProject
Project("{8BC9CEB8-8B4A-11D0-8D11-00A0C91BC942}") = "PCLaunch-GearGame", "Launch\PCLaunch-GearGame.vcproj", "{368E448C-5015-49F7-B72C-E3A8B5B02B90}"
	ProjectSection(ProjectDependencies) = postProject
		{D701000E-E334-4915-ACE9-D59E50F98A4B} = {D701000E-E334-4915-ACE9-D59E50F98A4B}
		{D3ECDD46-09B6-4091-94DC-E82311719644} = {D3ECDD46-09B6-4091-94DC-E82311719644}
		{43494D47-541C-486E-91F8-1EB0F552CAFD} = {43494D47-541C-486E-91F8-1EB0F552CAFD}
		{20C50653-B887-40EC-B85B-06BF6E24FDB4} = {20C50653-B887-40EC-B85B-06BF6E24FDB4}
		{90323061-711F-4F24-8B95-62CC3C4B3FE7} = {90323061-711F-4F24-8B95-62CC3C4B3FE7}
		{86840283-B05A-4612-9323-ECA46F066623} = {86840283-B05A-4612-9323-ECA46F066623}
		{0EE028CA-72A3-4A1D-ADEF-0D60B3B2EEE7} = {0EE028CA-72A3-4A1D-ADEF-0D60B3B2EEE7}
		{D81C72CB-E8FC-4442-9D29-E060415DDBAA} = {D81C72CB-E8FC-4442-9D29-E060415DDBAA}
		{DBACC8DE-751E-4AE9-ACA0-83ED919C4901} = {DBACC8DE-751E-4AE9-ACA0-83ED919C4901}
		{E67A30E5-2A88-494A-8AEC-9D079A6BE10A} = {E67A30E5-2A88-494A-8AEC-9D079A6BE10A}
		{F33F4FE6-1840-446E-A7D8-903B8EDFB14B} = {F33F4FE6-1840-446E-A7D8-903B8EDFB14B}
	EndProjectSection
EndProject
Project("{8BC9CEB8-8B4A-11D0-8D11-00A0C91BC942}") = "OnlineSubsystemPC", "OnlineSubsystemPC\OnlineSubsystemPC.vcproj", "{4E97A4B5-9FB5-48CA-B120-799D01D8936E}"
EndProject
Global
	GlobalSection(SourceCodeControl) = preSolution
		SccNumberOfProjects = 23
		SccProjectName0 = Perforce\u0020Project
		SccLocalPath0 = ..\\..
		SccProvider0 = MSSCCI:Perforce\u0020SCM
		SccProjectFilePathRelativizedFromConnection0 = Development\\Src\\
		SccProjectUniqueName1 = Core\\Core.vcproj
		SccLocalPath1 = Core
		SccProjectUniqueName2 = D3DDrv\\D3DDrv.vcproj
		SccLocalPath2 = D3DDrv
		SccProjectUniqueName3 = Editor\\Editor.vcproj
		SccLocalPath3 = Editor
		SccProjectUniqueName4 = Engine\\Engine.vcproj
		SccLocalPath4 = Engine
		SccProjectUniqueName5 = WinDrv\\WinDrv.vcproj
		SccLocalPath5 = WinDrv
		SccProjectUniqueName6 = ALAudio\\ALAudio.vcproj
		SccLocalPath6 = ALAudio
		SccProjectUniqueName7 = UTGame\\UTGame.vcproj
		SccLocalPath7 = UTGame
		SccProjectUniqueName8 = UnrealEd\\UnrealEd.vcproj
		SccLocalPath8 = UnrealEd
		SccProjectUniqueName9 = IpDrv\\IpDrv.vcproj
		SccLocalPath9 = IpDrv
		SccProjectUniqueName10 = Launch\\PCLaunch-UTGame.vcproj
		SccLocalPath10 = Launch
		SccProjectUniqueName11 = Launch\\PCLaunch-WarGame.vcproj
		SccLocalPath11 = Launch
		SccProjectUniqueName12 = Launch\\PCLaunch-ExampleGame.vcproj
		SccLocalPath12 = Launch
		SccProjectUniqueName13 = ExampleGame\\ExampleGame.vcproj
		SccLocalPath13 = ExampleGame
		SccProjectUniqueName14 = ExampleEditor\\ExampleEditor.vcproj
		SccLocalPath14 = ExampleEditor
		SccProjectUniqueName15 = GameFramework\\GameFramework.vcproj
		SccLocalPath15 = GameFramework
		SccProjectUniqueName16 = UnrealScriptTest\\UnrealScriptTest.vcproj
		SccLocalPath16 = UnrealScriptTest
		SccProjectUniqueName17 = OnlineSubsystemLive\\OnlineSubsystemLive.vcproj
		SccLocalPath17 = OnlineSubsystemLive
		SccProjectUniqueName18 = UTEditor\\UTEditor.vcproj
		SccLocalPath18 = UTEditor
		SccProjectUniqueName19 = UTGameContent\\UTGameContent.vcproj
		SccLocalPath19 = UTGameContent
		SccProjectUniqueName20 = Launch\\PCLaunch-GearGame.vcproj
		SccLocalPath20 = Launch
		SccProjectUniqueName21 = ..\\External\\FaceFX\\FxStudio\\FxStudio.vcproj
		SccLocalPath21 = ..\\External\\FaceFX\\FxStudio
		SccProjectUniqueName22 = OnlineSubsystemPC\\OnlineSubsystemPC.vcproj
		SccLocalPath22 = OnlineSubsystemPC
	EndGlobalSection
	GlobalSection(SolutionConfigurationPlatforms) = preSolution
		Debug|Mixed Platforms = Debug|Mixed Platforms
		Debug|Win32 = Debug|Win32
		PS3_Debug|Mixed Platforms = PS3_Debug|Mixed Platforms
		PS3_Debug|Win32 = PS3_Debug|Win32
		PS3_Release|Mixed Platforms = PS3_Release|Mixed Platforms
		PS3_Release|Win32 = PS3_Release|Win32
		Release|Mixed Platforms = Release|Mixed Platforms
		Release|Win32 = Release|Win32
		ReleaseLTCG|Mixed Platforms = ReleaseLTCG|Mixed Platforms
		ReleaseLTCG|Win32 = ReleaseLTCG|Win32
		XeDebug|Mixed Platforms = XeDebug|Mixed Platforms
		XeDebug|Win32 = XeDebug|Win32
		XeRelease|Mixed Platforms = XeRelease|Mixed Platforms
		XeRelease|Win32 = XeRelease|Win32
		XeReleaseLTCG|Mixed Platforms = XeReleaseLTCG|Mixed Platforms
		XeReleaseLTCG|Win32 = XeReleaseLTCG|Win32
		XeReleaseLTCG-DebugConsole|Mixed Platforms = XeReleaseLTCG-DebugConsole|Mixed Platforms
		XeReleaseLTCG-DebugConsole|Win32 = XeReleaseLTCG-DebugConsole|Win32
	EndGlobalSection
	GlobalSection(ProjectConfigurationPlatforms) = postSolution
		{DBACC8DE-751E-4AE9-ACA0-83ED919C4901}.Debug|Mixed Platforms.ActiveCfg = Debug|Win32
		{DBACC8DE-751E-4AE9-ACA0-83ED919C4901}.Debug|Mixed Platforms.Build.0 = Debug|Win32
		{DBACC8DE-751E-4AE9-ACA0-83ED919C4901}.Debug|Win32.ActiveCfg = Debug|Win32
		{DBACC8DE-751E-4AE9-ACA0-83ED919C4901}.Debug|Win32.Build.0 = Debug|Win32
		{DBACC8DE-751E-4AE9-ACA0-83ED919C4901}.PS3_Debug|Mixed Platforms.ActiveCfg = Debug|Win32
		{DBACC8DE-751E-4AE9-ACA0-83ED919C4901}.PS3_Debug|Win32.ActiveCfg = Debug|Win32
		{DBACC8DE-751E-4AE9-ACA0-83ED919C4901}.PS3_Debug|Win32.Build.0 = Debug|Win32
		{DBACC8DE-751E-4AE9-ACA0-83ED919C4901}.PS3_Release|Mixed Platforms.ActiveCfg = Release|Win32
		{DBACC8DE-751E-4AE9-ACA0-83ED919C4901}.PS3_Release|Win32.ActiveCfg = Release|Win32
		{DBACC8DE-751E-4AE9-ACA0-83ED919C4901}.PS3_Release|Win32.Build.0 = Release|Win32
		{DBACC8DE-751E-4AE9-ACA0-83ED919C4901}.Release|Mixed Platforms.ActiveCfg = Release|Win32
		{DBACC8DE-751E-4AE9-ACA0-83ED919C4901}.Release|Mixed Platforms.Build.0 = Release|Win32
		{DBACC8DE-751E-4AE9-ACA0-83ED919C4901}.Release|Win32.ActiveCfg = Release|Win32
		{DBACC8DE-751E-4AE9-ACA0-83ED919C4901}.Release|Win32.Build.0 = Release|Win32
		{DBACC8DE-751E-4AE9-ACA0-83ED919C4901}.ReleaseLTCG|Mixed Platforms.ActiveCfg = ReleaseLTCG|Win32
		{DBACC8DE-751E-4AE9-ACA0-83ED919C4901}.ReleaseLTCG|Mixed Platforms.Build.0 = ReleaseLTCG|Win32
		{DBACC8DE-751E-4AE9-ACA0-83ED919C4901}.ReleaseLTCG|Win32.ActiveCfg = ReleaseLTCG|Win32
		{DBACC8DE-751E-4AE9-ACA0-83ED919C4901}.ReleaseLTCG|Win32.Build.0 = ReleaseLTCG|Win32
		{DBACC8DE-751E-4AE9-ACA0-83ED919C4901}.XeDebug|Mixed Platforms.ActiveCfg = Debug|Win32
		{DBACC8DE-751E-4AE9-ACA0-83ED919C4901}.XeDebug|Win32.ActiveCfg = Debug|Win32
		{DBACC8DE-751E-4AE9-ACA0-83ED919C4901}.XeDebug|Win32.Build.0 = Debug|Win32
		{DBACC8DE-751E-4AE9-ACA0-83ED919C4901}.XeRelease|Mixed Platforms.ActiveCfg = Release|Win32
		{DBACC8DE-751E-4AE9-ACA0-83ED919C4901}.XeRelease|Win32.ActiveCfg = Release|Win32
		{DBACC8DE-751E-4AE9-ACA0-83ED919C4901}.XeRelease|Win32.Build.0 = Release|Win32
		{DBACC8DE-751E-4AE9-ACA0-83ED919C4901}.XeReleaseLTCG|Mixed Platforms.ActiveCfg = Release|Win32
		{DBACC8DE-751E-4AE9-ACA0-83ED919C4901}.XeReleaseLTCG|Win32.ActiveCfg = ReleaseLTCG|Win32
		{DBACC8DE-751E-4AE9-ACA0-83ED919C4901}.XeReleaseLTCG|Win32.Build.0 = ReleaseLTCG|Win32
		{DBACC8DE-751E-4AE9-ACA0-83ED919C4901}.XeReleaseLTCG-DebugConsole|Mixed Platforms.ActiveCfg = Release|Win32
		{DBACC8DE-751E-4AE9-ACA0-83ED919C4901}.XeReleaseLTCG-DebugConsole|Win32.ActiveCfg = ReleaseLTCG|Win32
		{DBACC8DE-751E-4AE9-ACA0-83ED919C4901}.XeReleaseLTCG-DebugConsole|Win32.Build.0 = ReleaseLTCG|Win32
		{D3ECDD46-09B6-4091-94DC-E82311719644}.Debug|Mixed Platforms.ActiveCfg = Debug|Win32
		{D3ECDD46-09B6-4091-94DC-E82311719644}.Debug|Mixed Platforms.Build.0 = Debug|Win32
		{D3ECDD46-09B6-4091-94DC-E82311719644}.Debug|Win32.ActiveCfg = Debug|Win32
		{D3ECDD46-09B6-4091-94DC-E82311719644}.Debug|Win32.Build.0 = Debug|Win32
		{D3ECDD46-09B6-4091-94DC-E82311719644}.PS3_Debug|Mixed Platforms.ActiveCfg = Debug|Win32
		{D3ECDD46-09B6-4091-94DC-E82311719644}.PS3_Debug|Win32.ActiveCfg = Debug|Win32
		{D3ECDD46-09B6-4091-94DC-E82311719644}.PS3_Debug|Win32.Build.0 = Debug|Win32
		{D3ECDD46-09B6-4091-94DC-E82311719644}.PS3_Release|Mixed Platforms.ActiveCfg = Release|Win32
		{D3ECDD46-09B6-4091-94DC-E82311719644}.PS3_Release|Win32.ActiveCfg = Release|Win32
		{D3ECDD46-09B6-4091-94DC-E82311719644}.PS3_Release|Win32.Build.0 = Release|Win32
		{D3ECDD46-09B6-4091-94DC-E82311719644}.Release|Mixed Platforms.ActiveCfg = Release|Win32
		{D3ECDD46-09B6-4091-94DC-E82311719644}.Release|Mixed Platforms.Build.0 = Release|Win32
		{D3ECDD46-09B6-4091-94DC-E82311719644}.Release|Win32.ActiveCfg = Release|Win32
		{D3ECDD46-09B6-4091-94DC-E82311719644}.Release|Win32.Build.0 = Release|Win32
		{D3ECDD46-09B6-4091-94DC-E82311719644}.ReleaseLTCG|Mixed Platforms.ActiveCfg = ReleaseLTCG|Win32
		{D3ECDD46-09B6-4091-94DC-E82311719644}.ReleaseLTCG|Mixed Platforms.Build.0 = ReleaseLTCG|Win32
		{D3ECDD46-09B6-4091-94DC-E82311719644}.ReleaseLTCG|Win32.ActiveCfg = ReleaseLTCG|Win32
		{D3ECDD46-09B6-4091-94DC-E82311719644}.ReleaseLTCG|Win32.Build.0 = ReleaseLTCG|Win32
		{D3ECDD46-09B6-4091-94DC-E82311719644}.XeDebug|Mixed Platforms.ActiveCfg = Debug|Win32
		{D3ECDD46-09B6-4091-94DC-E82311719644}.XeDebug|Win32.ActiveCfg = Debug|Win32
		{D3ECDD46-09B6-4091-94DC-E82311719644}.XeDebug|Win32.Build.0 = Debug|Win32
		{D3ECDD46-09B6-4091-94DC-E82311719644}.XeRelease|Mixed Platforms.ActiveCfg = Release|Win32
		{D3ECDD46-09B6-4091-94DC-E82311719644}.XeRelease|Win32.ActiveCfg = Release|Win32
		{D3ECDD46-09B6-4091-94DC-E82311719644}.XeRelease|Win32.Build.0 = Release|Win32
		{D3ECDD46-09B6-4091-94DC-E82311719644}.XeReleaseLTCG|Mixed Platforms.ActiveCfg = Release|Win32
		{D3ECDD46-09B6-4091-94DC-E82311719644}.XeReleaseLTCG|Win32.ActiveCfg = ReleaseLTCG|Win32
		{D3ECDD46-09B6-4091-94DC-E82311719644}.XeReleaseLTCG|Win32.Build.0 = ReleaseLTCG|Win32
		{D3ECDD46-09B6-4091-94DC-E82311719644}.XeReleaseLTCG-DebugConsole|Mixed Platforms.ActiveCfg = Release|Win32
		{D3ECDD46-09B6-4091-94DC-E82311719644}.XeReleaseLTCG-DebugConsole|Win32.ActiveCfg = ReleaseLTCG|Win32
		{D3ECDD46-09B6-4091-94DC-E82311719644}.XeReleaseLTCG-DebugConsole|Win32.Build.0 = ReleaseLTCG|Win32
		{D701000E-E334-4915-ACE9-D59E50F98A4B}.Debug|Mixed Platforms.ActiveCfg = Debug|Win32
		{D701000E-E334-4915-ACE9-D59E50F98A4B}.Debug|Mixed Platforms.Build.0 = Debug|Win32
		{D701000E-E334-4915-ACE9-D59E50F98A4B}.Debug|Win32.ActiveCfg = Debug|Win32
		{D701000E-E334-4915-ACE9-D59E50F98A4B}.Debug|Win32.Build.0 = Debug|Win32
		{D701000E-E334-4915-ACE9-D59E50F98A4B}.PS3_Debug|Mixed Platforms.ActiveCfg = Debug|Win32
		{D701000E-E334-4915-ACE9-D59E50F98A4B}.PS3_Debug|Win32.ActiveCfg = Debug|Win32
		{D701000E-E334-4915-ACE9-D59E50F98A4B}.PS3_Debug|Win32.Build.0 = Debug|Win32
		{D701000E-E334-4915-ACE9-D59E50F98A4B}.PS3_Release|Mixed Platforms.ActiveCfg = Release|Win32
		{D701000E-E334-4915-ACE9-D59E50F98A4B}.PS3_Release|Win32.ActiveCfg = Release|Win32
		{D701000E-E334-4915-ACE9-D59E50F98A4B}.PS3_Release|Win32.Build.0 = Release|Win32
		{D701000E-E334-4915-ACE9-D59E50F98A4B}.Release|Mixed Platforms.ActiveCfg = Release|Win32
		{D701000E-E334-4915-ACE9-D59E50F98A4B}.Release|Mixed Platforms.Build.0 = Release|Win32
		{D701000E-E334-4915-ACE9-D59E50F98A4B}.Release|Win32.ActiveCfg = Release|Win32
		{D701000E-E334-4915-ACE9-D59E50F98A4B}.Release|Win32.Build.0 = Release|Win32
		{D701000E-E334-4915-ACE9-D59E50F98A4B}.ReleaseLTCG|Mixed Platforms.ActiveCfg = ReleaseLTCG|Win32
		{D701000E-E334-4915-ACE9-D59E50F98A4B}.ReleaseLTCG|Mixed Platforms.Build.0 = ReleaseLTCG|Win32
		{D701000E-E334-4915-ACE9-D59E50F98A4B}.ReleaseLTCG|Win32.ActiveCfg = ReleaseLTCG|Win32
		{D701000E-E334-4915-ACE9-D59E50F98A4B}.ReleaseLTCG|Win32.Build.0 = ReleaseLTCG|Win32
		{D701000E-E334-4915-ACE9-D59E50F98A4B}.XeDebug|Mixed Platforms.ActiveCfg = Debug|Win32
		{D701000E-E334-4915-ACE9-D59E50F98A4B}.XeDebug|Win32.ActiveCfg = Debug|Win32
		{D701000E-E334-4915-ACE9-D59E50F98A4B}.XeDebug|Win32.Build.0 = Debug|Win32
		{D701000E-E334-4915-ACE9-D59E50F98A4B}.XeRelease|Mixed Platforms.ActiveCfg = Release|Win32
		{D701000E-E334-4915-ACE9-D59E50F98A4B}.XeRelease|Win32.ActiveCfg = Release|Win32
		{D701000E-E334-4915-ACE9-D59E50F98A4B}.XeRelease|Win32.Build.0 = Release|Win32
		{D701000E-E334-4915-ACE9-D59E50F98A4B}.XeReleaseLTCG|Mixed Platforms.ActiveCfg = Release|Win32
		{D701000E-E334-4915-ACE9-D59E50F98A4B}.XeReleaseLTCG|Win32.ActiveCfg = ReleaseLTCG|Win32
		{D701000E-E334-4915-ACE9-D59E50F98A4B}.XeReleaseLTCG|Win32.Build.0 = ReleaseLTCG|Win32
		{D701000E-E334-4915-ACE9-D59E50F98A4B}.XeReleaseLTCG-DebugConsole|Mixed Platforms.ActiveCfg = Release|Win32
		{D701000E-E334-4915-ACE9-D59E50F98A4B}.XeReleaseLTCG-DebugConsole|Win32.ActiveCfg = ReleaseLTCG|Win32
		{D701000E-E334-4915-ACE9-D59E50F98A4B}.XeReleaseLTCG-DebugConsole|Win32.Build.0 = ReleaseLTCG|Win32
		{F33F4FE6-1840-446E-A7D8-903B8EDFB14B}.Debug|Mixed Platforms.ActiveCfg = Debug|Win32
		{F33F4FE6-1840-446E-A7D8-903B8EDFB14B}.Debug|Mixed Platforms.Build.0 = Debug|Win32
		{F33F4FE6-1840-446E-A7D8-903B8EDFB14B}.Debug|Win32.ActiveCfg = Debug|Win32
		{F33F4FE6-1840-446E-A7D8-903B8EDFB14B}.Debug|Win32.Build.0 = Debug|Win32
		{F33F4FE6-1840-446E-A7D8-903B8EDFB14B}.PS3_Debug|Mixed Platforms.ActiveCfg = Debug|Win32
		{F33F4FE6-1840-446E-A7D8-903B8EDFB14B}.PS3_Debug|Win32.ActiveCfg = Debug|Win32
		{F33F4FE6-1840-446E-A7D8-903B8EDFB14B}.PS3_Debug|Win32.Build.0 = Debug|Win32
		{F33F4FE6-1840-446E-A7D8-903B8EDFB14B}.PS3_Release|Mixed Platforms.ActiveCfg = Release|Win32
		{F33F4FE6-1840-446E-A7D8-903B8EDFB14B}.PS3_Release|Win32.ActiveCfg = Release|Win32
		{F33F4FE6-1840-446E-A7D8-903B8EDFB14B}.PS3_Release|Win32.Build.0 = Release|Win32
		{F33F4FE6-1840-446E-A7D8-903B8EDFB14B}.Release|Mixed Platforms.ActiveCfg = Release|Win32
		{F33F4FE6-1840-446E-A7D8-903B8EDFB14B}.Release|Mixed Platforms.Build.0 = Release|Win32
		{F33F4FE6-1840-446E-A7D8-903B8EDFB14B}.Release|Win32.ActiveCfg = Release|Win32
		{F33F4FE6-1840-446E-A7D8-903B8EDFB14B}.Release|Win32.Build.0 = Release|Win32
		{F33F4FE6-1840-446E-A7D8-903B8EDFB14B}.ReleaseLTCG|Mixed Platforms.ActiveCfg = ReleaseLTCG|Win32
		{F33F4FE6-1840-446E-A7D8-903B8EDFB14B}.ReleaseLTCG|Mixed Platforms.Build.0 = ReleaseLTCG|Win32
		{F33F4FE6-1840-446E-A7D8-903B8EDFB14B}.ReleaseLTCG|Win32.ActiveCfg = ReleaseLTCG|Win32
		{F33F4FE6-1840-446E-A7D8-903B8EDFB14B}.ReleaseLTCG|Win32.Build.0 = ReleaseLTCG|Win32
		{F33F4FE6-1840-446E-A7D8-903B8EDFB14B}.XeDebug|Mixed Platforms.ActiveCfg = Debug|Win32
		{F33F4FE6-1840-446E-A7D8-903B8EDFB14B}.XeDebug|Win32.ActiveCfg = Debug|Win32
		{F33F4FE6-1840-446E-A7D8-903B8EDFB14B}.XeDebug|Win32.Build.0 = Debug|Win32
		{F33F4FE6-1840-446E-A7D8-903B8EDFB14B}.XeRelease|Mixed Platforms.ActiveCfg = Release|Win32
		{F33F4FE6-1840-446E-A7D8-903B8EDFB14B}.XeRelease|Win32.ActiveCfg = Release|Win32
		{F33F4FE6-1840-446E-A7D8-903B8EDFB14B}.XeRelease|Win32.Build.0 = Release|Win32
		{F33F4FE6-1840-446E-A7D8-903B8EDFB14B}.XeReleaseLTCG|Mixed Platforms.ActiveCfg = Release|Win32
		{F33F4FE6-1840-446E-A7D8-903B8EDFB14B}.XeReleaseLTCG|Win32.ActiveCfg = ReleaseLTCG|Win32
		{F33F4FE6-1840-446E-A7D8-903B8EDFB14B}.XeReleaseLTCG|Win32.Build.0 = ReleaseLTCG|Win32
		{F33F4FE6-1840-446E-A7D8-903B8EDFB14B}.XeReleaseLTCG-DebugConsole|Mixed Platforms.ActiveCfg = Release|Win32
		{F33F4FE6-1840-446E-A7D8-903B8EDFB14B}.XeReleaseLTCG-DebugConsole|Win32.ActiveCfg = ReleaseLTCG|Win32
		{F33F4FE6-1840-446E-A7D8-903B8EDFB14B}.XeReleaseLTCG-DebugConsole|Win32.Build.0 = ReleaseLTCG|Win32
		{86840283-B05A-4612-9323-ECA46F066623}.Debug|Mixed Platforms.ActiveCfg = Debug|Win32
		{86840283-B05A-4612-9323-ECA46F066623}.Debug|Mixed Platforms.Build.0 = Debug|Win32
		{86840283-B05A-4612-9323-ECA46F066623}.Debug|Win32.ActiveCfg = Debug|Win32
		{86840283-B05A-4612-9323-ECA46F066623}.Debug|Win32.Build.0 = Debug|Win32
		{86840283-B05A-4612-9323-ECA46F066623}.PS3_Debug|Mixed Platforms.ActiveCfg = Debug|Win32
		{86840283-B05A-4612-9323-ECA46F066623}.PS3_Debug|Win32.ActiveCfg = Debug|Win32
		{86840283-B05A-4612-9323-ECA46F066623}.PS3_Debug|Win32.Build.0 = Debug|Win32
		{86840283-B05A-4612-9323-ECA46F066623}.PS3_Release|Mixed Platforms.ActiveCfg = Release|Win32
		{86840283-B05A-4612-9323-ECA46F066623}.PS3_Release|Win32.ActiveCfg = Release|Win32
		{86840283-B05A-4612-9323-ECA46F066623}.PS3_Release|Win32.Build.0 = Release|Win32
		{86840283-B05A-4612-9323-ECA46F066623}.Release|Mixed Platforms.ActiveCfg = Release|Win32
		{86840283-B05A-4612-9323-ECA46F066623}.Release|Mixed Platforms.Build.0 = Release|Win32
		{86840283-B05A-4612-9323-ECA46F066623}.Release|Win32.ActiveCfg = Release|Win32
		{86840283-B05A-4612-9323-ECA46F066623}.Release|Win32.Build.0 = Release|Win32
		{86840283-B05A-4612-9323-ECA46F066623}.ReleaseLTCG|Mixed Platforms.ActiveCfg = ReleaseLTCG|Win32
		{86840283-B05A-4612-9323-ECA46F066623}.ReleaseLTCG|Mixed Platforms.Build.0 = ReleaseLTCG|Win32
		{86840283-B05A-4612-9323-ECA46F066623}.ReleaseLTCG|Win32.ActiveCfg = ReleaseLTCG|Win32
		{86840283-B05A-4612-9323-ECA46F066623}.ReleaseLTCG|Win32.Build.0 = ReleaseLTCG|Win32
		{86840283-B05A-4612-9323-ECA46F066623}.XeDebug|Mixed Platforms.ActiveCfg = Debug|Win32
		{86840283-B05A-4612-9323-ECA46F066623}.XeDebug|Win32.ActiveCfg = Debug|Win32
		{86840283-B05A-4612-9323-ECA46F066623}.XeDebug|Win32.Build.0 = Debug|Win32
		{86840283-B05A-4612-9323-ECA46F066623}.XeRelease|Mixed Platforms.ActiveCfg = Release|Win32
		{86840283-B05A-4612-9323-ECA46F066623}.XeRelease|Win32.ActiveCfg = Release|Win32
		{86840283-B05A-4612-9323-ECA46F066623}.XeRelease|Win32.Build.0 = Release|Win32
		{86840283-B05A-4612-9323-ECA46F066623}.XeReleaseLTCG|Mixed Platforms.ActiveCfg = Release|Win32
		{86840283-B05A-4612-9323-ECA46F066623}.XeReleaseLTCG|Win32.ActiveCfg = ReleaseLTCG|Win32
		{86840283-B05A-4612-9323-ECA46F066623}.XeReleaseLTCG|Win32.Build.0 = ReleaseLTCG|Win32
		{86840283-B05A-4612-9323-ECA46F066623}.XeReleaseLTCG-DebugConsole|Mixed Platforms.ActiveCfg = Release|Win32
		{86840283-B05A-4612-9323-ECA46F066623}.XeReleaseLTCG-DebugConsole|Win32.ActiveCfg = ReleaseLTCG|Win32
		{86840283-B05A-4612-9323-ECA46F066623}.XeReleaseLTCG-DebugConsole|Win32.Build.0 = ReleaseLTCG|Win32
		{E67A30E5-2A88-494A-8AEC-9D079A6BE10A}.Debug|Mixed Platforms.ActiveCfg = Debug|Win32
		{E67A30E5-2A88-494A-8AEC-9D079A6BE10A}.Debug|Mixed Platforms.Build.0 = Debug|Win32
		{E67A30E5-2A88-494A-8AEC-9D079A6BE10A}.Debug|Win32.ActiveCfg = Debug|Win32
		{E67A30E5-2A88-494A-8AEC-9D079A6BE10A}.Debug|Win32.Build.0 = Debug|Win32
		{E67A30E5-2A88-494A-8AEC-9D079A6BE10A}.PS3_Debug|Mixed Platforms.ActiveCfg = Debug|Win32
		{E67A30E5-2A88-494A-8AEC-9D079A6BE10A}.PS3_Debug|Win32.ActiveCfg = Debug|Win32
		{E67A30E5-2A88-494A-8AEC-9D079A6BE10A}.PS3_Debug|Win32.Build.0 = Debug|Win32
		{E67A30E5-2A88-494A-8AEC-9D079A6BE10A}.PS3_Release|Mixed Platforms.ActiveCfg = Release|Win32
		{E67A30E5-2A88-494A-8AEC-9D079A6BE10A}.PS3_Release|Win32.ActiveCfg = Release|Win32
		{E67A30E5-2A88-494A-8AEC-9D079A6BE10A}.PS3_Release|Win32.Build.0 = Release|Win32
		{E67A30E5-2A88-494A-8AEC-9D079A6BE10A}.Release|Mixed Platforms.ActiveCfg = Release|Win32
		{E67A30E5-2A88-494A-8AEC-9D079A6BE10A}.Release|Mixed Platforms.Build.0 = Release|Win32
		{E67A30E5-2A88-494A-8AEC-9D079A6BE10A}.Release|Win32.ActiveCfg = Release|Win32
		{E67A30E5-2A88-494A-8AEC-9D079A6BE10A}.Release|Win32.Build.0 = Release|Win32
		{E67A30E5-2A88-494A-8AEC-9D079A6BE10A}.ReleaseLTCG|Mixed Platforms.ActiveCfg = ReleaseLTCG|Win32
		{E67A30E5-2A88-494A-8AEC-9D079A6BE10A}.ReleaseLTCG|Mixed Platforms.Build.0 = ReleaseLTCG|Win32
		{E67A30E5-2A88-494A-8AEC-9D079A6BE10A}.ReleaseLTCG|Win32.ActiveCfg = ReleaseLTCG|Win32
		{E67A30E5-2A88-494A-8AEC-9D079A6BE10A}.ReleaseLTCG|Win32.Build.0 = ReleaseLTCG|Win32
		{E67A30E5-2A88-494A-8AEC-9D079A6BE10A}.XeDebug|Mixed Platforms.ActiveCfg = Debug|Win32
		{E67A30E5-2A88-494A-8AEC-9D079A6BE10A}.XeDebug|Win32.ActiveCfg = Debug|Win32
		{E67A30E5-2A88-494A-8AEC-9D079A6BE10A}.XeDebug|Win32.Build.0 = Debug|Win32
		{E67A30E5-2A88-494A-8AEC-9D079A6BE10A}.XeRelease|Mixed Platforms.ActiveCfg = Release|Win32
		{E67A30E5-2A88-494A-8AEC-9D079A6BE10A}.XeRelease|Win32.ActiveCfg = Release|Win32
		{E67A30E5-2A88-494A-8AEC-9D079A6BE10A}.XeRelease|Win32.Build.0 = Release|Win32
		{E67A30E5-2A88-494A-8AEC-9D079A6BE10A}.XeReleaseLTCG|Mixed Platforms.ActiveCfg = Release|Win32
		{E67A30E5-2A88-494A-8AEC-9D079A6BE10A}.XeReleaseLTCG|Win32.ActiveCfg = ReleaseLTCG|Win32
		{E67A30E5-2A88-494A-8AEC-9D079A6BE10A}.XeReleaseLTCG|Win32.Build.0 = ReleaseLTCG|Win32
		{E67A30E5-2A88-494A-8AEC-9D079A6BE10A}.XeReleaseLTCG-DebugConsole|Mixed Platforms.ActiveCfg = Release|Win32
		{E67A30E5-2A88-494A-8AEC-9D079A6BE10A}.XeReleaseLTCG-DebugConsole|Win32.ActiveCfg = ReleaseLTCG|Win32
		{E67A30E5-2A88-494A-8AEC-9D079A6BE10A}.XeReleaseLTCG-DebugConsole|Win32.Build.0 = ReleaseLTCG|Win32
		{C0278832-71FF-43D5-BFE2-DE265B8A4678}.Debug|Mixed Platforms.ActiveCfg = Debug|Win32
		{C0278832-71FF-43D5-BFE2-DE265B8A4678}.Debug|Mixed Platforms.Build.0 = Debug|Win32
		{C0278832-71FF-43D5-BFE2-DE265B8A4678}.Debug|Win32.ActiveCfg = Debug|Win32
		{C0278832-71FF-43D5-BFE2-DE265B8A4678}.Debug|Win32.Build.0 = Debug|Win32
		{C0278832-71FF-43D5-BFE2-DE265B8A4678}.PS3_Debug|Mixed Platforms.ActiveCfg = Debug|Win32
		{C0278832-71FF-43D5-BFE2-DE265B8A4678}.PS3_Debug|Win32.ActiveCfg = Debug|Win32
		{C0278832-71FF-43D5-BFE2-DE265B8A4678}.PS3_Debug|Win32.Build.0 = Debug|Win32
		{C0278832-71FF-43D5-BFE2-DE265B8A4678}.PS3_Release|Mixed Platforms.ActiveCfg = Release|Win32
		{C0278832-71FF-43D5-BFE2-DE265B8A4678}.PS3_Release|Win32.ActiveCfg = Release|Win32
		{C0278832-71FF-43D5-BFE2-DE265B8A4678}.PS3_Release|Win32.Build.0 = Release|Win32
		{C0278832-71FF-43D5-BFE2-DE265B8A4678}.Release|Mixed Platforms.ActiveCfg = Release|Win32
		{C0278832-71FF-43D5-BFE2-DE265B8A4678}.Release|Mixed Platforms.Build.0 = Release|Win32
		{C0278832-71FF-43D5-BFE2-DE265B8A4678}.Release|Win32.ActiveCfg = Release|Win32
		{C0278832-71FF-43D5-BFE2-DE265B8A4678}.Release|Win32.Build.0 = Release|Win32
		{C0278832-71FF-43D5-BFE2-DE265B8A4678}.ReleaseLTCG|Mixed Platforms.ActiveCfg = ReleaseLTCG|Win32
		{C0278832-71FF-43D5-BFE2-DE265B8A4678}.ReleaseLTCG|Mixed Platforms.Build.0 = ReleaseLTCG|Win32
		{C0278832-71FF-43D5-BFE2-DE265B8A4678}.ReleaseLTCG|Win32.ActiveCfg = ReleaseLTCG|Win32
		{C0278832-71FF-43D5-BFE2-DE265B8A4678}.ReleaseLTCG|Win32.Build.0 = ReleaseLTCG|Win32
		{C0278832-71FF-43D5-BFE2-DE265B8A4678}.XeDebug|Mixed Platforms.ActiveCfg = Debug|Win32
		{C0278832-71FF-43D5-BFE2-DE265B8A4678}.XeDebug|Win32.ActiveCfg = Debug|Win32
		{C0278832-71FF-43D5-BFE2-DE265B8A4678}.XeDebug|Win32.Build.0 = Debug|Win32
		{C0278832-71FF-43D5-BFE2-DE265B8A4678}.XeRelease|Mixed Platforms.ActiveCfg = Release|Win32
		{C0278832-71FF-43D5-BFE2-DE265B8A4678}.XeRelease|Win32.ActiveCfg = Release|Win32
		{C0278832-71FF-43D5-BFE2-DE265B8A4678}.XeRelease|Win32.Build.0 = Release|Win32
		{C0278832-71FF-43D5-BFE2-DE265B8A4678}.XeReleaseLTCG|Mixed Platforms.ActiveCfg = Release|Win32
		{C0278832-71FF-43D5-BFE2-DE265B8A4678}.XeReleaseLTCG|Win32.ActiveCfg = ReleaseLTCG|Win32
		{C0278832-71FF-43D5-BFE2-DE265B8A4678}.XeReleaseLTCG|Win32.Build.0 = ReleaseLTCG|Win32
		{C0278832-71FF-43D5-BFE2-DE265B8A4678}.XeReleaseLTCG-DebugConsole|Mixed Platforms.ActiveCfg = Release|Win32
		{C0278832-71FF-43D5-BFE2-DE265B8A4678}.XeReleaseLTCG-DebugConsole|Win32.ActiveCfg = ReleaseLTCG|Win32
		{C0278832-71FF-43D5-BFE2-DE265B8A4678}.XeReleaseLTCG-DebugConsole|Win32.Build.0 = ReleaseLTCG|Win32
		{20C50653-B887-40EC-B85B-06BF6E24FDB4}.Debug|Mixed Platforms.ActiveCfg = Debug|Win32
		{20C50653-B887-40EC-B85B-06BF6E24FDB4}.Debug|Mixed Platforms.Build.0 = Debug|Win32
		{20C50653-B887-40EC-B85B-06BF6E24FDB4}.Debug|Win32.ActiveCfg = Debug|Win32
		{20C50653-B887-40EC-B85B-06BF6E24FDB4}.Debug|Win32.Build.0 = Debug|Win32
		{20C50653-B887-40EC-B85B-06BF6E24FDB4}.PS3_Debug|Mixed Platforms.ActiveCfg = Debug|Win32
		{20C50653-B887-40EC-B85B-06BF6E24FDB4}.PS3_Debug|Win32.ActiveCfg = Debug|Win32
		{20C50653-B887-40EC-B85B-06BF6E24FDB4}.PS3_Debug|Win32.Build.0 = Debug|Win32
		{20C50653-B887-40EC-B85B-06BF6E24FDB4}.PS3_Release|Mixed Platforms.ActiveCfg = Release|Win32
		{20C50653-B887-40EC-B85B-06BF6E24FDB4}.PS3_Release|Win32.ActiveCfg = Release|Win32
		{20C50653-B887-40EC-B85B-06BF6E24FDB4}.PS3_Release|Win32.Build.0 = Release|Win32
		{20C50653-B887-40EC-B85B-06BF6E24FDB4}.Release|Mixed Platforms.ActiveCfg = Release|Win32
		{20C50653-B887-40EC-B85B-06BF6E24FDB4}.Release|Mixed Platforms.Build.0 = Release|Win32
		{20C50653-B887-40EC-B85B-06BF6E24FDB4}.Release|Win32.ActiveCfg = Release|Win32
		{20C50653-B887-40EC-B85B-06BF6E24FDB4}.Release|Win32.Build.0 = Release|Win32
		{20C50653-B887-40EC-B85B-06BF6E24FDB4}.ReleaseLTCG|Mixed Platforms.ActiveCfg = ReleaseLTCG|Win32
		{20C50653-B887-40EC-B85B-06BF6E24FDB4}.ReleaseLTCG|Mixed Platforms.Build.0 = ReleaseLTCG|Win32
		{20C50653-B887-40EC-B85B-06BF6E24FDB4}.ReleaseLTCG|Win32.ActiveCfg = ReleaseLTCG|Win32
		{20C50653-B887-40EC-B85B-06BF6E24FDB4}.ReleaseLTCG|Win32.Build.0 = ReleaseLTCG|Win32
		{20C50653-B887-40EC-B85B-06BF6E24FDB4}.XeDebug|Mixed Platforms.ActiveCfg = Debug|Win32
		{20C50653-B887-40EC-B85B-06BF6E24FDB4}.XeDebug|Win32.ActiveCfg = Debug|Win32
		{20C50653-B887-40EC-B85B-06BF6E24FDB4}.XeDebug|Win32.Build.0 = Debug|Win32
		{20C50653-B887-40EC-B85B-06BF6E24FDB4}.XeRelease|Mixed Platforms.ActiveCfg = Release|Win32
		{20C50653-B887-40EC-B85B-06BF6E24FDB4}.XeRelease|Win32.ActiveCfg = Release|Win32
		{20C50653-B887-40EC-B85B-06BF6E24FDB4}.XeRelease|Win32.Build.0 = Release|Win32
		{20C50653-B887-40EC-B85B-06BF6E24FDB4}.XeReleaseLTCG|Mixed Platforms.ActiveCfg = Release|Win32
		{20C50653-B887-40EC-B85B-06BF6E24FDB4}.XeReleaseLTCG|Win32.ActiveCfg = ReleaseLTCG|Win32
		{20C50653-B887-40EC-B85B-06BF6E24FDB4}.XeReleaseLTCG|Win32.Build.0 = ReleaseLTCG|Win32
		{20C50653-B887-40EC-B85B-06BF6E24FDB4}.XeReleaseLTCG-DebugConsole|Mixed Platforms.ActiveCfg = Release|Win32
		{20C50653-B887-40EC-B85B-06BF6E24FDB4}.XeReleaseLTCG-DebugConsole|Win32.ActiveCfg = ReleaseLTCG|Win32
		{20C50653-B887-40EC-B85B-06BF6E24FDB4}.XeReleaseLTCG-DebugConsole|Win32.Build.0 = ReleaseLTCG|Win32
		{0EE028CA-72A3-4A1D-ADEF-0D60B3B2EEE7}.Debug|Mixed Platforms.ActiveCfg = Debug|Win32
		{0EE028CA-72A3-4A1D-ADEF-0D60B3B2EEE7}.Debug|Mixed Platforms.Build.0 = Debug|Win32
		{0EE028CA-72A3-4A1D-ADEF-0D60B3B2EEE7}.Debug|Win32.ActiveCfg = Debug|Win32
		{0EE028CA-72A3-4A1D-ADEF-0D60B3B2EEE7}.Debug|Win32.Build.0 = Debug|Win32
		{0EE028CA-72A3-4A1D-ADEF-0D60B3B2EEE7}.PS3_Debug|Mixed Platforms.ActiveCfg = Debug|Win32
		{0EE028CA-72A3-4A1D-ADEF-0D60B3B2EEE7}.PS3_Debug|Win32.ActiveCfg = Debug|Win32
		{0EE028CA-72A3-4A1D-ADEF-0D60B3B2EEE7}.PS3_Debug|Win32.Build.0 = Debug|Win32
		{0EE028CA-72A3-4A1D-ADEF-0D60B3B2EEE7}.PS3_Release|Mixed Platforms.ActiveCfg = Release|Win32
		{0EE028CA-72A3-4A1D-ADEF-0D60B3B2EEE7}.PS3_Release|Win32.ActiveCfg = Release|Win32
		{0EE028CA-72A3-4A1D-ADEF-0D60B3B2EEE7}.PS3_Release|Win32.Build.0 = Release|Win32
		{0EE028CA-72A3-4A1D-ADEF-0D60B3B2EEE7}.Release|Mixed Platforms.ActiveCfg = Release|Win32
		{0EE028CA-72A3-4A1D-ADEF-0D60B3B2EEE7}.Release|Mixed Platforms.Build.0 = Release|Win32
		{0EE028CA-72A3-4A1D-ADEF-0D60B3B2EEE7}.Release|Win32.ActiveCfg = Release|Win32
		{0EE028CA-72A3-4A1D-ADEF-0D60B3B2EEE7}.Release|Win32.Build.0 = Release|Win32
		{0EE028CA-72A3-4A1D-ADEF-0D60B3B2EEE7}.ReleaseLTCG|Mixed Platforms.ActiveCfg = ReleaseLTCG|Win32
		{0EE028CA-72A3-4A1D-ADEF-0D60B3B2EEE7}.ReleaseLTCG|Mixed Platforms.Build.0 = ReleaseLTCG|Win32
		{0EE028CA-72A3-4A1D-ADEF-0D60B3B2EEE7}.ReleaseLTCG|Win32.ActiveCfg = ReleaseLTCG|Win32
		{0EE028CA-72A3-4A1D-ADEF-0D60B3B2EEE7}.ReleaseLTCG|Win32.Build.0 = ReleaseLTCG|Win32
		{0EE028CA-72A3-4A1D-ADEF-0D60B3B2EEE7}.XeDebug|Mixed Platforms.ActiveCfg = Debug|Win32
		{0EE028CA-72A3-4A1D-ADEF-0D60B3B2EEE7}.XeDebug|Win32.ActiveCfg = Debug|Win32
		{0EE028CA-72A3-4A1D-ADEF-0D60B3B2EEE7}.XeDebug|Win32.Build.0 = Debug|Win32
		{0EE028CA-72A3-4A1D-ADEF-0D60B3B2EEE7}.XeRelease|Mixed Platforms.ActiveCfg = Release|Win32
		{0EE028CA-72A3-4A1D-ADEF-0D60B3B2EEE7}.XeRelease|Win32.ActiveCfg = Release|Win32
		{0EE028CA-72A3-4A1D-ADEF-0D60B3B2EEE7}.XeRelease|Win32.Build.0 = Release|Win32
		{0EE028CA-72A3-4A1D-ADEF-0D60B3B2EEE7}.XeReleaseLTCG|Mixed Platforms.ActiveCfg = Release|Win32
		{0EE028CA-72A3-4A1D-ADEF-0D60B3B2EEE7}.XeReleaseLTCG|Win32.ActiveCfg = ReleaseLTCG|Win32
		{0EE028CA-72A3-4A1D-ADEF-0D60B3B2EEE7}.XeReleaseLTCG|Win32.Build.0 = ReleaseLTCG|Win32
		{0EE028CA-72A3-4A1D-ADEF-0D60B3B2EEE7}.XeReleaseLTCG-DebugConsole|Mixed Platforms.ActiveCfg = Release|Win32
		{0EE028CA-72A3-4A1D-ADEF-0D60B3B2EEE7}.XeReleaseLTCG-DebugConsole|Win32.ActiveCfg = ReleaseLTCG|Win32
		{0EE028CA-72A3-4A1D-ADEF-0D60B3B2EEE7}.XeReleaseLTCG-DebugConsole|Win32.Build.0 = ReleaseLTCG|Win32
		{6A55C9B2-DDD0-4BE9-BADA-CA34A1B5E259}.Debug|Mixed Platforms.ActiveCfg = Debug|Win32
		{6A55C9B2-DDD0-4BE9-BADA-CA34A1B5E259}.Debug|Mixed Platforms.Build.0 = Debug|Win32
		{6A55C9B2-DDD0-4BE9-BADA-CA34A1B5E259}.Debug|Win32.ActiveCfg = Debug|Win32
		{6A55C9B2-DDD0-4BE9-BADA-CA34A1B5E259}.Debug|Win32.Build.0 = Debug|Win32
		{6A55C9B2-DDD0-4BE9-BADA-CA34A1B5E259}.PS3_Debug|Mixed Platforms.ActiveCfg = Debug|Win32
		{6A55C9B2-DDD0-4BE9-BADA-CA34A1B5E259}.PS3_Debug|Win32.ActiveCfg = Debug|Win32
		{6A55C9B2-DDD0-4BE9-BADA-CA34A1B5E259}.PS3_Debug|Win32.Build.0 = Debug|Win32
		{6A55C9B2-DDD0-4BE9-BADA-CA34A1B5E259}.PS3_Release|Mixed Platforms.ActiveCfg = Release|Win32
		{6A55C9B2-DDD0-4BE9-BADA-CA34A1B5E259}.PS3_Release|Win32.ActiveCfg = Release|Win32
		{6A55C9B2-DDD0-4BE9-BADA-CA34A1B5E259}.PS3_Release|Win32.Build.0 = Release|Win32
		{6A55C9B2-DDD0-4BE9-BADA-CA34A1B5E259}.Release|Mixed Platforms.ActiveCfg = Release|Win32
		{6A55C9B2-DDD0-4BE9-BADA-CA34A1B5E259}.Release|Mixed Platforms.Build.0 = Release|Win32
		{6A55C9B2-DDD0-4BE9-BADA-CA34A1B5E259}.Release|Win32.ActiveCfg = Release|Win32
		{6A55C9B2-DDD0-4BE9-BADA-CA34A1B5E259}.Release|Win32.Build.0 = Release|Win32
		{6A55C9B2-DDD0-4BE9-BADA-CA34A1B5E259}.ReleaseLTCG|Mixed Platforms.ActiveCfg = ReleaseLTCG|Win32
		{6A55C9B2-DDD0-4BE9-BADA-CA34A1B5E259}.ReleaseLTCG|Mixed Platforms.Build.0 = ReleaseLTCG|Win32
		{6A55C9B2-DDD0-4BE9-BADA-CA34A1B5E259}.ReleaseLTCG|Win32.ActiveCfg = ReleaseLTCG|Win32
		{6A55C9B2-DDD0-4BE9-BADA-CA34A1B5E259}.ReleaseLTCG|Win32.Build.0 = ReleaseLTCG|Win32
		{6A55C9B2-DDD0-4BE9-BADA-CA34A1B5E259}.XeDebug|Mixed Platforms.ActiveCfg = Debug|Win32
		{6A55C9B2-DDD0-4BE9-BADA-CA34A1B5E259}.XeDebug|Win32.ActiveCfg = Debug|Win32
		{6A55C9B2-DDD0-4BE9-BADA-CA34A1B5E259}.XeDebug|Win32.Build.0 = Debug|Win32
		{6A55C9B2-DDD0-4BE9-BADA-CA34A1B5E259}.XeRelease|Mixed Platforms.ActiveCfg = Release|Win32
		{6A55C9B2-DDD0-4BE9-BADA-CA34A1B5E259}.XeRelease|Win32.ActiveCfg = Release|Win32
		{6A55C9B2-DDD0-4BE9-BADA-CA34A1B5E259}.XeRelease|Win32.Build.0 = Release|Win32
		{6A55C9B2-DDD0-4BE9-BADA-CA34A1B5E259}.XeReleaseLTCG|Mixed Platforms.ActiveCfg = Release|Win32
		{6A55C9B2-DDD0-4BE9-BADA-CA34A1B5E259}.XeReleaseLTCG|Win32.ActiveCfg = ReleaseLTCG|Win32
		{6A55C9B2-DDD0-4BE9-BADA-CA34A1B5E259}.XeReleaseLTCG|Win32.Build.0 = ReleaseLTCG|Win32
		{6A55C9B2-DDD0-4BE9-BADA-CA34A1B5E259}.XeReleaseLTCG-DebugConsole|Mixed Platforms.ActiveCfg = Release|Win32
		{6A55C9B2-DDD0-4BE9-BADA-CA34A1B5E259}.XeReleaseLTCG-DebugConsole|Win32.ActiveCfg = ReleaseLTCG|Win32
		{6A55C9B2-DDD0-4BE9-BADA-CA34A1B5E259}.XeReleaseLTCG-DebugConsole|Win32.Build.0 = ReleaseLTCG|Win32
		{2A7BF81E-CA2F-415A-92A0-4C977A626854}.Debug|Mixed Platforms.ActiveCfg = Debug|Win32
		{2A7BF81E-CA2F-415A-92A0-4C977A626854}.Debug|Mixed Platforms.Build.0 = Debug|Win32
		{2A7BF81E-CA2F-415A-92A0-4C977A626854}.Debug|Win32.ActiveCfg = Debug|Win32
		{2A7BF81E-CA2F-415A-92A0-4C977A626854}.Debug|Win32.Build.0 = Debug|Win32
		{2A7BF81E-CA2F-415A-92A0-4C977A626854}.PS3_Debug|Mixed Platforms.ActiveCfg = Debug|Win32
		{2A7BF81E-CA2F-415A-92A0-4C977A626854}.PS3_Debug|Win32.ActiveCfg = Debug|Win32
		{2A7BF81E-CA2F-415A-92A0-4C977A626854}.PS3_Debug|Win32.Build.0 = Debug|Win32
		{2A7BF81E-CA2F-415A-92A0-4C977A626854}.PS3_Release|Mixed Platforms.ActiveCfg = Release|Win32
		{2A7BF81E-CA2F-415A-92A0-4C977A626854}.PS3_Release|Win32.ActiveCfg = Release|Win32
		{2A7BF81E-CA2F-415A-92A0-4C977A626854}.PS3_Release|Win32.Build.0 = Release|Win32
		{2A7BF81E-CA2F-415A-92A0-4C977A626854}.Release|Mixed Platforms.ActiveCfg = Release|Win32
		{2A7BF81E-CA2F-415A-92A0-4C977A626854}.Release|Mixed Platforms.Build.0 = Release|Win32
		{2A7BF81E-CA2F-415A-92A0-4C977A626854}.Release|Win32.ActiveCfg = Release|Win32
		{2A7BF81E-CA2F-415A-92A0-4C977A626854}.Release|Win32.Build.0 = Release|Win32
		{2A7BF81E-CA2F-415A-92A0-4C977A626854}.ReleaseLTCG|Mixed Platforms.ActiveCfg = ReleaseLTCG|Win32
		{2A7BF81E-CA2F-415A-92A0-4C977A626854}.ReleaseLTCG|Mixed Platforms.Build.0 = ReleaseLTCG|Win32
		{2A7BF81E-CA2F-415A-92A0-4C977A626854}.ReleaseLTCG|Win32.ActiveCfg = ReleaseLTCG|Win32
		{2A7BF81E-CA2F-415A-92A0-4C977A626854}.ReleaseLTCG|Win32.Build.0 = ReleaseLTCG|Win32
		{2A7BF81E-CA2F-415A-92A0-4C977A626854}.XeDebug|Mixed Platforms.ActiveCfg = Debug|Win32
		{2A7BF81E-CA2F-415A-92A0-4C977A626854}.XeDebug|Win32.ActiveCfg = Debug|Win32
		{2A7BF81E-CA2F-415A-92A0-4C977A626854}.XeDebug|Win32.Build.0 = Debug|Win32
		{2A7BF81E-CA2F-415A-92A0-4C977A626854}.XeRelease|Mixed Platforms.ActiveCfg = Release|Win32
		{2A7BF81E-CA2F-415A-92A0-4C977A626854}.XeRelease|Win32.ActiveCfg = Release|Win32
		{2A7BF81E-CA2F-415A-92A0-4C977A626854}.XeRelease|Win32.Build.0 = Release|Win32
		{2A7BF81E-CA2F-415A-92A0-4C977A626854}.XeReleaseLTCG|Mixed Platforms.ActiveCfg = Release|Win32
		{2A7BF81E-CA2F-415A-92A0-4C977A626854}.XeReleaseLTCG|Win32.ActiveCfg = ReleaseLTCG|Win32
		{2A7BF81E-CA2F-415A-92A0-4C977A626854}.XeReleaseLTCG|Win32.Build.0 = ReleaseLTCG|Win32
		{2A7BF81E-CA2F-415A-92A0-4C977A626854}.XeReleaseLTCG-DebugConsole|Mixed Platforms.ActiveCfg = Release|Win32
		{2A7BF81E-CA2F-415A-92A0-4C977A626854}.XeReleaseLTCG-DebugConsole|Win32.ActiveCfg = ReleaseLTCG|Win32
		{2A7BF81E-CA2F-415A-92A0-4C977A626854}.XeReleaseLTCG-DebugConsole|Win32.Build.0 = ReleaseLTCG|Win32
		{2CC3F9B1-8A93-4F2B-BBDC-7299180B3A9F}.Debug|Mixed Platforms.ActiveCfg = Debug|Win32
		{2CC3F9B1-8A93-4F2B-BBDC-7299180B3A9F}.Debug|Mixed Platforms.Build.0 = Debug|Win32
		{2CC3F9B1-8A93-4F2B-BBDC-7299180B3A9F}.Debug|Win32.ActiveCfg = Debug|Win32
		{2CC3F9B1-8A93-4F2B-BBDC-7299180B3A9F}.Debug|Win32.Build.0 = Debug|Win32
		{2CC3F9B1-8A93-4F2B-BBDC-7299180B3A9F}.PS3_Debug|Mixed Platforms.ActiveCfg = Debug|Win32
		{2CC3F9B1-8A93-4F2B-BBDC-7299180B3A9F}.PS3_Debug|Win32.ActiveCfg = Debug|Win32
		{2CC3F9B1-8A93-4F2B-BBDC-7299180B3A9F}.PS3_Debug|Win32.Build.0 = Debug|Win32
		{2CC3F9B1-8A93-4F2B-BBDC-7299180B3A9F}.PS3_Release|Mixed Platforms.ActiveCfg = Release|Win32
		{2CC3F9B1-8A93-4F2B-BBDC-7299180B3A9F}.PS3_Release|Win32.ActiveCfg = Release|Win32
		{2CC3F9B1-8A93-4F2B-BBDC-7299180B3A9F}.PS3_Release|Win32.Build.0 = Release|Win32
		{2CC3F9B1-8A93-4F2B-BBDC-7299180B3A9F}.Release|Mixed Platforms.ActiveCfg = Release|Win32
		{2CC3F9B1-8A93-4F2B-BBDC-7299180B3A9F}.Release|Mixed Platforms.Build.0 = Release|Win32
		{2CC3F9B1-8A93-4F2B-BBDC-7299180B3A9F}.Release|Win32.ActiveCfg = Release|Win32
		{2CC3F9B1-8A93-4F2B-BBDC-7299180B3A9F}.Release|Win32.Build.0 = Release|Win32
		{2CC3F9B1-8A93-4F2B-BBDC-7299180B3A9F}.ReleaseLTCG|Mixed Platforms.ActiveCfg = ReleaseLTCG|Win32
		{2CC3F9B1-8A93-4F2B-BBDC-7299180B3A9F}.ReleaseLTCG|Mixed Platforms.Build.0 = ReleaseLTCG|Win32
		{2CC3F9B1-8A93-4F2B-BBDC-7299180B3A9F}.ReleaseLTCG|Win32.ActiveCfg = ReleaseLTCG|Win32
		{2CC3F9B1-8A93-4F2B-BBDC-7299180B3A9F}.ReleaseLTCG|Win32.Build.0 = ReleaseLTCG|Win32
		{2CC3F9B1-8A93-4F2B-BBDC-7299180B3A9F}.XeDebug|Mixed Platforms.ActiveCfg = Debug|Win32
		{2CC3F9B1-8A93-4F2B-BBDC-7299180B3A9F}.XeDebug|Win32.ActiveCfg = Debug|Win32
		{2CC3F9B1-8A93-4F2B-BBDC-7299180B3A9F}.XeDebug|Win32.Build.0 = Debug|Win32
		{2CC3F9B1-8A93-4F2B-BBDC-7299180B3A9F}.XeRelease|Mixed Platforms.ActiveCfg = Release|Win32
		{2CC3F9B1-8A93-4F2B-BBDC-7299180B3A9F}.XeRelease|Win32.ActiveCfg = Release|Win32
		{2CC3F9B1-8A93-4F2B-BBDC-7299180B3A9F}.XeRelease|Win32.Build.0 = Release|Win32
		{2CC3F9B1-8A93-4F2B-BBDC-7299180B3A9F}.XeReleaseLTCG|Mixed Platforms.ActiveCfg = Release|Win32
		{2CC3F9B1-8A93-4F2B-BBDC-7299180B3A9F}.XeReleaseLTCG|Win32.ActiveCfg = ReleaseLTCG|Win32
		{2CC3F9B1-8A93-4F2B-BBDC-7299180B3A9F}.XeReleaseLTCG|Win32.Build.0 = ReleaseLTCG|Win32
		{2CC3F9B1-8A93-4F2B-BBDC-7299180B3A9F}.XeReleaseLTCG-DebugConsole|Mixed Platforms.ActiveCfg = Release|Win32
		{2CC3F9B1-8A93-4F2B-BBDC-7299180B3A9F}.XeReleaseLTCG-DebugConsole|Win32.ActiveCfg = ReleaseLTCG|Win32
		{2CC3F9B1-8A93-4F2B-BBDC-7299180B3A9F}.XeReleaseLTCG-DebugConsole|Win32.Build.0 = ReleaseLTCG|Win32
		{3933DD39-0C20-494C-9A48-BD319A2F55E6}.Debug|Mixed Platforms.ActiveCfg = Debug|Win32
		{3933DD39-0C20-494C-9A48-BD319A2F55E6}.Debug|Mixed Platforms.Build.0 = Debug|Win32
		{3933DD39-0C20-494C-9A48-BD319A2F55E6}.Debug|Win32.ActiveCfg = Debug|Win32
		{3933DD39-0C20-494C-9A48-BD319A2F55E6}.Debug|Win32.Build.0 = Debug|Win32
		{3933DD39-0C20-494C-9A48-BD319A2F55E6}.PS3_Debug|Mixed Platforms.ActiveCfg = Debug|Win32
		{3933DD39-0C20-494C-9A48-BD319A2F55E6}.PS3_Debug|Win32.ActiveCfg = Debug|Win32
		{3933DD39-0C20-494C-9A48-BD319A2F55E6}.PS3_Debug|Win32.Build.0 = Debug|Win32
		{3933DD39-0C20-494C-9A48-BD319A2F55E6}.PS3_Release|Mixed Platforms.ActiveCfg = Release|Win32
		{3933DD39-0C20-494C-9A48-BD319A2F55E6}.PS3_Release|Win32.ActiveCfg = Release|Win32
		{3933DD39-0C20-494C-9A48-BD319A2F55E6}.PS3_Release|Win32.Build.0 = Release|Win32
		{3933DD39-0C20-494C-9A48-BD319A2F55E6}.Release|Mixed Platforms.ActiveCfg = Release|Win32
		{3933DD39-0C20-494C-9A48-BD319A2F55E6}.Release|Mixed Platforms.Build.0 = Release|Win32
		{3933DD39-0C20-494C-9A48-BD319A2F55E6}.Release|Win32.ActiveCfg = Release|Win32
		{3933DD39-0C20-494C-9A48-BD319A2F55E6}.Release|Win32.Build.0 = Release|Win32
		{3933DD39-0C20-494C-9A48-BD319A2F55E6}.ReleaseLTCG|Mixed Platforms.ActiveCfg = ReleaseLTCG|Win32
		{3933DD39-0C20-494C-9A48-BD319A2F55E6}.ReleaseLTCG|Mixed Platforms.Build.0 = ReleaseLTCG|Win32
		{3933DD39-0C20-494C-9A48-BD319A2F55E6}.ReleaseLTCG|Win32.ActiveCfg = ReleaseLTCG|Win32
		{3933DD39-0C20-494C-9A48-BD319A2F55E6}.ReleaseLTCG|Win32.Build.0 = ReleaseLTCG|Win32
		{3933DD39-0C20-494C-9A48-BD319A2F55E6}.XeDebug|Mixed Platforms.ActiveCfg = Debug|Win32
		{3933DD39-0C20-494C-9A48-BD319A2F55E6}.XeDebug|Win32.ActiveCfg = Debug|Win32
		{3933DD39-0C20-494C-9A48-BD319A2F55E6}.XeDebug|Win32.Build.0 = Debug|Win32
		{3933DD39-0C20-494C-9A48-BD319A2F55E6}.XeRelease|Mixed Platforms.ActiveCfg = Release|Win32
		{3933DD39-0C20-494C-9A48-BD319A2F55E6}.XeRelease|Win32.ActiveCfg = Release|Win32
		{3933DD39-0C20-494C-9A48-BD319A2F55E6}.XeRelease|Win32.Build.0 = Release|Win32
		{3933DD39-0C20-494C-9A48-BD319A2F55E6}.XeReleaseLTCG|Mixed Platforms.ActiveCfg = Release|Win32
		{3933DD39-0C20-494C-9A48-BD319A2F55E6}.XeReleaseLTCG|Win32.ActiveCfg = ReleaseLTCG|Win32
		{3933DD39-0C20-494C-9A48-BD319A2F55E6}.XeReleaseLTCG|Win32.Build.0 = ReleaseLTCG|Win32
		{3933DD39-0C20-494C-9A48-BD319A2F55E6}.XeReleaseLTCG-DebugConsole|Mixed Platforms.ActiveCfg = Release|Win32
		{3933DD39-0C20-494C-9A48-BD319A2F55E6}.XeReleaseLTCG-DebugConsole|Win32.ActiveCfg = ReleaseLTCG|Win32
		{3933DD39-0C20-494C-9A48-BD319A2F55E6}.XeReleaseLTCG-DebugConsole|Win32.Build.0 = ReleaseLTCG|Win32
		{86922020-EFDB-11D9-8CD6-0800200C9A66}.Debug|Mixed Platforms.ActiveCfg = Debug|Win32
		{86922020-EFDB-11D9-8CD6-0800200C9A66}.Debug|Mixed Platforms.Build.0 = Debug|Win32
		{86922020-EFDB-11D9-8CD6-0800200C9A66}.Debug|Win32.ActiveCfg = Debug|Win32
		{86922020-EFDB-11D9-8CD6-0800200C9A66}.Debug|Win32.Build.0 = Debug|Win32
		{86922020-EFDB-11D9-8CD6-0800200C9A66}.PS3_Debug|Mixed Platforms.ActiveCfg = Debug|Win32
		{86922020-EFDB-11D9-8CD6-0800200C9A66}.PS3_Debug|Win32.ActiveCfg = Debug|Win32
		{86922020-EFDB-11D9-8CD6-0800200C9A66}.PS3_Debug|Win32.Build.0 = Debug|Win32
		{86922020-EFDB-11D9-8CD6-0800200C9A66}.PS3_Release|Mixed Platforms.ActiveCfg = Release|Win32
		{86922020-EFDB-11D9-8CD6-0800200C9A66}.PS3_Release|Win32.ActiveCfg = Release|Win32
		{86922020-EFDB-11D9-8CD6-0800200C9A66}.PS3_Release|Win32.Build.0 = Release|Win32
		{86922020-EFDB-11D9-8CD6-0800200C9A66}.Release|Mixed Platforms.ActiveCfg = Release|Win32
		{86922020-EFDB-11D9-8CD6-0800200C9A66}.Release|Mixed Platforms.Build.0 = Release|Win32
		{86922020-EFDB-11D9-8CD6-0800200C9A66}.Release|Win32.ActiveCfg = Release|Win32
		{86922020-EFDB-11D9-8CD6-0800200C9A66}.Release|Win32.Build.0 = Release|Win32
		{86922020-EFDB-11D9-8CD6-0800200C9A66}.ReleaseLTCG|Mixed Platforms.ActiveCfg = ReleaseLTCG|Win32
		{86922020-EFDB-11D9-8CD6-0800200C9A66}.ReleaseLTCG|Mixed Platforms.Build.0 = ReleaseLTCG|Win32
		{86922020-EFDB-11D9-8CD6-0800200C9A66}.ReleaseLTCG|Win32.ActiveCfg = ReleaseLTCG|Win32
		{86922020-EFDB-11D9-8CD6-0800200C9A66}.ReleaseLTCG|Win32.Build.0 = ReleaseLTCG|Win32
		{86922020-EFDB-11D9-8CD6-0800200C9A66}.XeDebug|Mixed Platforms.ActiveCfg = Debug|Win32
		{86922020-EFDB-11D9-8CD6-0800200C9A66}.XeDebug|Win32.ActiveCfg = Debug|Win32
		{86922020-EFDB-11D9-8CD6-0800200C9A66}.XeDebug|Win32.Build.0 = Debug|Win32
		{86922020-EFDB-11D9-8CD6-0800200C9A66}.XeRelease|Mixed Platforms.ActiveCfg = Release|Win32
		{86922020-EFDB-11D9-8CD6-0800200C9A66}.XeRelease|Win32.ActiveCfg = Release|Win32
		{86922020-EFDB-11D9-8CD6-0800200C9A66}.XeRelease|Win32.Build.0 = Release|Win32
		{86922020-EFDB-11D9-8CD6-0800200C9A66}.XeReleaseLTCG|Mixed Platforms.ActiveCfg = Release|Win32
		{86922020-EFDB-11D9-8CD6-0800200C9A66}.XeReleaseLTCG|Win32.ActiveCfg = ReleaseLTCG|Win32
		{86922020-EFDB-11D9-8CD6-0800200C9A66}.XeReleaseLTCG|Win32.Build.0 = ReleaseLTCG|Win32
		{86922020-EFDB-11D9-8CD6-0800200C9A66}.XeReleaseLTCG-DebugConsole|Mixed Platforms.ActiveCfg = Release|Win32
		{86922020-EFDB-11D9-8CD6-0800200C9A66}.XeReleaseLTCG-DebugConsole|Win32.ActiveCfg = ReleaseLTCG|Win32
		{86922020-EFDB-11D9-8CD6-0800200C9A66}.XeReleaseLTCG-DebugConsole|Win32.Build.0 = ReleaseLTCG|Win32
		{D81C72CB-E8FC-4442-9D29-E060415DDBAA}.Debug|Mixed Platforms.ActiveCfg = Debug|Win32
		{D81C72CB-E8FC-4442-9D29-E060415DDBAA}.Debug|Mixed Platforms.Build.0 = Debug|Win32
		{D81C72CB-E8FC-4442-9D29-E060415DDBAA}.Debug|Win32.ActiveCfg = Debug|Win32
		{D81C72CB-E8FC-4442-9D29-E060415DDBAA}.Debug|Win32.Build.0 = Debug|Win32
		{D81C72CB-E8FC-4442-9D29-E060415DDBAA}.PS3_Debug|Mixed Platforms.ActiveCfg = Debug|Win32
		{D81C72CB-E8FC-4442-9D29-E060415DDBAA}.PS3_Debug|Win32.ActiveCfg = Debug|Win32
		{D81C72CB-E8FC-4442-9D29-E060415DDBAA}.PS3_Debug|Win32.Build.0 = Debug|Win32
		{D81C72CB-E8FC-4442-9D29-E060415DDBAA}.PS3_Release|Mixed Platforms.ActiveCfg = Release|Win32
		{D81C72CB-E8FC-4442-9D29-E060415DDBAA}.PS3_Release|Win32.ActiveCfg = Release|Win32
		{D81C72CB-E8FC-4442-9D29-E060415DDBAA}.PS3_Release|Win32.Build.0 = Release|Win32
		{D81C72CB-E8FC-4442-9D29-E060415DDBAA}.Release|Mixed Platforms.ActiveCfg = Release|Win32
		{D81C72CB-E8FC-4442-9D29-E060415DDBAA}.Release|Mixed Platforms.Build.0 = Release|Win32
		{D81C72CB-E8FC-4442-9D29-E060415DDBAA}.Release|Win32.ActiveCfg = Release|Win32
		{D81C72CB-E8FC-4442-9D29-E060415DDBAA}.Release|Win32.Build.0 = Release|Win32
		{D81C72CB-E8FC-4442-9D29-E060415DDBAA}.ReleaseLTCG|Mixed Platforms.ActiveCfg = ReleaseLTCG|Win32
		{D81C72CB-E8FC-4442-9D29-E060415DDBAA}.ReleaseLTCG|Mixed Platforms.Build.0 = ReleaseLTCG|Win32
		{D81C72CB-E8FC-4442-9D29-E060415DDBAA}.ReleaseLTCG|Win32.ActiveCfg = ReleaseLTCG|Win32
		{D81C72CB-E8FC-4442-9D29-E060415DDBAA}.ReleaseLTCG|Win32.Build.0 = ReleaseLTCG|Win32
		{D81C72CB-E8FC-4442-9D29-E060415DDBAA}.XeDebug|Mixed Platforms.ActiveCfg = Debug|Win32
		{D81C72CB-E8FC-4442-9D29-E060415DDBAA}.XeDebug|Win32.ActiveCfg = Debug|Win32
		{D81C72CB-E8FC-4442-9D29-E060415DDBAA}.XeDebug|Win32.Build.0 = Debug|Win32
		{D81C72CB-E8FC-4442-9D29-E060415DDBAA}.XeRelease|Mixed Platforms.ActiveCfg = Release|Win32
		{D81C72CB-E8FC-4442-9D29-E060415DDBAA}.XeRelease|Win32.ActiveCfg = Release|Win32
		{D81C72CB-E8FC-4442-9D29-E060415DDBAA}.XeRelease|Win32.Build.0 = Release|Win32
		{D81C72CB-E8FC-4442-9D29-E060415DDBAA}.XeReleaseLTCG|Mixed Platforms.ActiveCfg = Release|Win32
		{D81C72CB-E8FC-4442-9D29-E060415DDBAA}.XeReleaseLTCG|Win32.ActiveCfg = ReleaseLTCG|Win32
		{D81C72CB-E8FC-4442-9D29-E060415DDBAA}.XeReleaseLTCG|Win32.Build.0 = ReleaseLTCG|Win32
		{D81C72CB-E8FC-4442-9D29-E060415DDBAA}.XeReleaseLTCG-DebugConsole|Mixed Platforms.ActiveCfg = Release|Win32
		{D81C72CB-E8FC-4442-9D29-E060415DDBAA}.XeReleaseLTCG-DebugConsole|Win32.ActiveCfg = ReleaseLTCG|Win32
		{D81C72CB-E8FC-4442-9D29-E060415DDBAA}.XeReleaseLTCG-DebugConsole|Win32.Build.0 = ReleaseLTCG|Win32
		{43494D47-541C-486E-91F8-1EB0F552CAFD}.Debug|Mixed Platforms.ActiveCfg = Debug|Win32
		{43494D47-541C-486E-91F8-1EB0F552CAFD}.Debug|Mixed Platforms.Build.0 = Debug|Win32
		{43494D47-541C-486E-91F8-1EB0F552CAFD}.Debug|Win32.ActiveCfg = Debug|Win32
		{43494D47-541C-486E-91F8-1EB0F552CAFD}.Debug|Win32.Build.0 = Debug|Win32
		{43494D47-541C-486E-91F8-1EB0F552CAFD}.PS3_Debug|Mixed Platforms.ActiveCfg = Debug|Win32
		{43494D47-541C-486E-91F8-1EB0F552CAFD}.PS3_Debug|Win32.ActiveCfg = Debug|Win32
		{43494D47-541C-486E-91F8-1EB0F552CAFD}.PS3_Debug|Win32.Build.0 = Debug|Win32
		{43494D47-541C-486E-91F8-1EB0F552CAFD}.PS3_Release|Mixed Platforms.ActiveCfg = Release|Win32
		{43494D47-541C-486E-91F8-1EB0F552CAFD}.PS3_Release|Win32.ActiveCfg = Release|Win32
		{43494D47-541C-486E-91F8-1EB0F552CAFD}.PS3_Release|Win32.Build.0 = Release|Win32
		{43494D47-541C-486E-91F8-1EB0F552CAFD}.Release|Mixed Platforms.ActiveCfg = Release|Win32
		{43494D47-541C-486E-91F8-1EB0F552CAFD}.Release|Mixed Platforms.Build.0 = Release|Win32
		{43494D47-541C-486E-91F8-1EB0F552CAFD}.Release|Win32.ActiveCfg = Release|Win32
		{43494D47-541C-486E-91F8-1EB0F552CAFD}.Release|Win32.Build.0 = Release|Win32
		{43494D47-541C-486E-91F8-1EB0F552CAFD}.ReleaseLTCG|Mixed Platforms.ActiveCfg = ReleaseLTCG|Win32
		{43494D47-541C-486E-91F8-1EB0F552CAFD}.ReleaseLTCG|Mixed Platforms.Build.0 = ReleaseLTCG|Win32
		{43494D47-541C-486E-91F8-1EB0F552CAFD}.ReleaseLTCG|Win32.ActiveCfg = ReleaseLTCG|Win32
		{43494D47-541C-486E-91F8-1EB0F552CAFD}.ReleaseLTCG|Win32.Build.0 = ReleaseLTCG|Win32
		{43494D47-541C-486E-91F8-1EB0F552CAFD}.XeDebug|Mixed Platforms.ActiveCfg = Debug|Win32
		{43494D47-541C-486E-91F8-1EB0F552CAFD}.XeDebug|Win32.ActiveCfg = Debug|Win32
		{43494D47-541C-486E-91F8-1EB0F552CAFD}.XeDebug|Win32.Build.0 = Debug|Win32
		{43494D47-541C-486E-91F8-1EB0F552CAFD}.XeRelease|Mixed Platforms.ActiveCfg = Release|Win32
		{43494D47-541C-486E-91F8-1EB0F552CAFD}.XeRelease|Win32.ActiveCfg = Release|Win32
		{43494D47-541C-486E-91F8-1EB0F552CAFD}.XeRelease|Win32.Build.0 = Release|Win32
		{43494D47-541C-486E-91F8-1EB0F552CAFD}.XeReleaseLTCG|Mixed Platforms.ActiveCfg = Release|Win32
		{43494D47-541C-486E-91F8-1EB0F552CAFD}.XeReleaseLTCG|Win32.ActiveCfg = ReleaseLTCG|Win32
		{43494D47-541C-486E-91F8-1EB0F552CAFD}.XeReleaseLTCG|Win32.Build.0 = ReleaseLTCG|Win32
		{43494D47-541C-486E-91F8-1EB0F552CAFD}.XeReleaseLTCG-DebugConsole|Mixed Platforms.ActiveCfg = Release|Win32
		{43494D47-541C-486E-91F8-1EB0F552CAFD}.XeReleaseLTCG-DebugConsole|Win32.ActiveCfg = ReleaseLTCG|Win32
		{43494D47-541C-486E-91F8-1EB0F552CAFD}.XeReleaseLTCG-DebugConsole|Win32.Build.0 = ReleaseLTCG|Win32
		{90323061-711F-4F24-8B95-62CC3C4B3FE7}.Debug|Mixed Platforms.ActiveCfg = Debug|Win32
		{90323061-711F-4F24-8B95-62CC3C4B3FE7}.Debug|Mixed Platforms.Build.0 = Debug|Win32
		{90323061-711F-4F24-8B95-62CC3C4B3FE7}.Debug|Win32.ActiveCfg = Debug|Win32
		{90323061-711F-4F24-8B95-62CC3C4B3FE7}.Debug|Win32.Build.0 = Debug|Win32
		{90323061-711F-4F24-8B95-62CC3C4B3FE7}.PS3_Debug|Mixed Platforms.ActiveCfg = Debug|Win32
		{90323061-711F-4F24-8B95-62CC3C4B3FE7}.PS3_Debug|Win32.ActiveCfg = Debug|Win32
		{90323061-711F-4F24-8B95-62CC3C4B3FE7}.PS3_Debug|Win32.Build.0 = Debug|Win32
		{90323061-711F-4F24-8B95-62CC3C4B3FE7}.PS3_Release|Mixed Platforms.ActiveCfg = Release|Win32
		{90323061-711F-4F24-8B95-62CC3C4B3FE7}.PS3_Release|Win32.ActiveCfg = Release|Win32
		{90323061-711F-4F24-8B95-62CC3C4B3FE7}.PS3_Release|Win32.Build.0 = Release|Win32
		{90323061-711F-4F24-8B95-62CC3C4B3FE7}.Release|Mixed Platforms.ActiveCfg = Release|Win32
		{90323061-711F-4F24-8B95-62CC3C4B3FE7}.Release|Mixed Platforms.Build.0 = Release|Win32
		{90323061-711F-4F24-8B95-62CC3C4B3FE7}.Release|Win32.ActiveCfg = Release|Win32
		{90323061-711F-4F24-8B95-62CC3C4B3FE7}.Release|Win32.Build.0 = Release|Win32
		{90323061-711F-4F24-8B95-62CC3C4B3FE7}.ReleaseLTCG|Mixed Platforms.ActiveCfg = ReleaseLTCG|Win32
		{90323061-711F-4F24-8B95-62CC3C4B3FE7}.ReleaseLTCG|Mixed Platforms.Build.0 = ReleaseLTCG|Win32
		{90323061-711F-4F24-8B95-62CC3C4B3FE7}.ReleaseLTCG|Win32.ActiveCfg = ReleaseLTCG|Win32
		{90323061-711F-4F24-8B95-62CC3C4B3FE7}.ReleaseLTCG|Win32.Build.0 = ReleaseLTCG|Win32
		{90323061-711F-4F24-8B95-62CC3C4B3FE7}.XeDebug|Mixed Platforms.ActiveCfg = Debug|Win32
		{90323061-711F-4F24-8B95-62CC3C4B3FE7}.XeDebug|Win32.ActiveCfg = Debug|Win32
		{90323061-711F-4F24-8B95-62CC3C4B3FE7}.XeDebug|Win32.Build.0 = Debug|Win32
		{90323061-711F-4F24-8B95-62CC3C4B3FE7}.XeRelease|Mixed Platforms.ActiveCfg = Release|Win32
		{90323061-711F-4F24-8B95-62CC3C4B3FE7}.XeRelease|Win32.ActiveCfg = Release|Win32
		{90323061-711F-4F24-8B95-62CC3C4B3FE7}.XeRelease|Win32.Build.0 = Release|Win32
		{90323061-711F-4F24-8B95-62CC3C4B3FE7}.XeReleaseLTCG|Mixed Platforms.ActiveCfg = Release|Win32
		{90323061-711F-4F24-8B95-62CC3C4B3FE7}.XeReleaseLTCG|Win32.ActiveCfg = ReleaseLTCG|Win32
		{90323061-711F-4F24-8B95-62CC3C4B3FE7}.XeReleaseLTCG|Win32.Build.0 = ReleaseLTCG|Win32
		{90323061-711F-4F24-8B95-62CC3C4B3FE7}.XeReleaseLTCG-DebugConsole|Mixed Platforms.ActiveCfg = Release|Win32
		{90323061-711F-4F24-8B95-62CC3C4B3FE7}.XeReleaseLTCG-DebugConsole|Win32.ActiveCfg = ReleaseLTCG|Win32
		{90323061-711F-4F24-8B95-62CC3C4B3FE7}.XeReleaseLTCG-DebugConsole|Win32.Build.0 = ReleaseLTCG|Win32
		{EEDADA55-1F78-46AA-BE37-7F6EA57910E5}.Debug|Mixed Platforms.ActiveCfg = Debug|Win32
		{EEDADA55-1F78-46AA-BE37-7F6EA57910E5}.Debug|Win32.ActiveCfg = Debug|Win32
		{EEDADA55-1F78-46AA-BE37-7F6EA57910E5}.Debug|Win32.Build.0 = Debug|Win32
		{EEDADA55-1F78-46AA-BE37-7F6EA57910E5}.PS3_Debug|Mixed Platforms.ActiveCfg = Debug|Win32
		{EEDADA55-1F78-46AA-BE37-7F6EA57910E5}.PS3_Debug|Win32.ActiveCfg = Debug|Win32
		{EEDADA55-1F78-46AA-BE37-7F6EA57910E5}.PS3_Debug|Win32.Build.0 = Debug|Win32
		{EEDADA55-1F78-46AA-BE37-7F6EA57910E5}.PS3_Release|Mixed Platforms.ActiveCfg = Release|Win32
		{EEDADA55-1F78-46AA-BE37-7F6EA57910E5}.PS3_Release|Win32.ActiveCfg = Release|Win32
		{EEDADA55-1F78-46AA-BE37-7F6EA57910E5}.PS3_Release|Win32.Build.0 = Release|Win32
		{EEDADA55-1F78-46AA-BE37-7F6EA57910E5}.Release|Mixed Platforms.ActiveCfg = Release|Win32
		{EEDADA55-1F78-46AA-BE37-7F6EA57910E5}.Release|Win32.ActiveCfg = Release|Win32
		{EEDADA55-1F78-46AA-BE37-7F6EA57910E5}.Release|Win32.Build.0 = Release|Win32
		{EEDADA55-1F78-46AA-BE37-7F6EA57910E5}.ReleaseLTCG|Mixed Platforms.ActiveCfg = ReleaseLTCG|Win32
		{EEDADA55-1F78-46AA-BE37-7F6EA57910E5}.ReleaseLTCG|Win32.ActiveCfg = ReleaseLTCG|Win32
		{EEDADA55-1F78-46AA-BE37-7F6EA57910E5}.ReleaseLTCG|Win32.Build.0 = ReleaseLTCG|Win32
		{EEDADA55-1F78-46AA-BE37-7F6EA57910E5}.XeDebug|Mixed Platforms.ActiveCfg = Debug|Win32
		{EEDADA55-1F78-46AA-BE37-7F6EA57910E5}.XeDebug|Win32.ActiveCfg = Debug|Win32
		{EEDADA55-1F78-46AA-BE37-7F6EA57910E5}.XeDebug|Win32.Build.0 = Debug|Win32
		{EEDADA55-1F78-46AA-BE37-7F6EA57910E5}.XeRelease|Mixed Platforms.ActiveCfg = Release|Win32
		{EEDADA55-1F78-46AA-BE37-7F6EA57910E5}.XeRelease|Win32.ActiveCfg = Release|Win32
		{EEDADA55-1F78-46AA-BE37-7F6EA57910E5}.XeRelease|Win32.Build.0 = Release|Win32
		{EEDADA55-1F78-46AA-BE37-7F6EA57910E5}.XeReleaseLTCG|Mixed Platforms.ActiveCfg = Release|Win32
		{EEDADA55-1F78-46AA-BE37-7F6EA57910E5}.XeReleaseLTCG|Win32.ActiveCfg = ReleaseLTCG|Win32
		{EEDADA55-1F78-46AA-BE37-7F6EA57910E5}.XeReleaseLTCG|Win32.Build.0 = ReleaseLTCG|Win32
		{EEDADA55-1F78-46AA-BE37-7F6EA57910E5}.XeReleaseLTCG-DebugConsole|Mixed Platforms.ActiveCfg = Release|Win32
		{EEDADA55-1F78-46AA-BE37-7F6EA57910E5}.XeReleaseLTCG-DebugConsole|Win32.ActiveCfg = ReleaseLTCG|Win32
		{EEDADA55-1F78-46AA-BE37-7F6EA57910E5}.XeReleaseLTCG-DebugConsole|Win32.Build.0 = ReleaseLTCG|Win32
		{8EB76892-BC06-4623-A238-DEA5FD36F0C6}.Debug|Mixed Platforms.ActiveCfg = Debug|Win32
		{8EB76892-BC06-4623-A238-DEA5FD36F0C6}.Debug|Mixed Platforms.Build.0 = Debug|Win32
		{8EB76892-BC06-4623-A238-DEA5FD36F0C6}.Debug|Win32.ActiveCfg = Debug|Win32
		{8EB76892-BC06-4623-A238-DEA5FD36F0C6}.Debug|Win32.Build.0 = Debug|Win32
		{8EB76892-BC06-4623-A238-DEA5FD36F0C6}.PS3_Debug|Mixed Platforms.ActiveCfg = Debug|Win32
		{8EB76892-BC06-4623-A238-DEA5FD36F0C6}.PS3_Debug|Win32.ActiveCfg = Debug|Win32
		{8EB76892-BC06-4623-A238-DEA5FD36F0C6}.PS3_Debug|Win32.Build.0 = Debug|Win32
		{8EB76892-BC06-4623-A238-DEA5FD36F0C6}.PS3_Release|Mixed Platforms.ActiveCfg = Release|Win32
		{8EB76892-BC06-4623-A238-DEA5FD36F0C6}.PS3_Release|Win32.ActiveCfg = Release|Win32
		{8EB76892-BC06-4623-A238-DEA5FD36F0C6}.PS3_Release|Win32.Build.0 = Release|Win32
		{8EB76892-BC06-4623-A238-DEA5FD36F0C6}.Release|Mixed Platforms.ActiveCfg = Release|Win32
		{8EB76892-BC06-4623-A238-DEA5FD36F0C6}.Release|Mixed Platforms.Build.0 = Release|Win32
		{8EB76892-BC06-4623-A238-DEA5FD36F0C6}.Release|Win32.ActiveCfg = Release|Win32
		{8EB76892-BC06-4623-A238-DEA5FD36F0C6}.Release|Win32.Build.0 = Release|Win32
		{8EB76892-BC06-4623-A238-DEA5FD36F0C6}.ReleaseLTCG|Mixed Platforms.ActiveCfg = ReleaseLTCG|Win32
		{8EB76892-BC06-4623-A238-DEA5FD36F0C6}.ReleaseLTCG|Mixed Platforms.Build.0 = ReleaseLTCG|Win32
		{8EB76892-BC06-4623-A238-DEA5FD36F0C6}.ReleaseLTCG|Win32.ActiveCfg = ReleaseLTCG|Win32
		{8EB76892-BC06-4623-A238-DEA5FD36F0C6}.ReleaseLTCG|Win32.Build.0 = ReleaseLTCG|Win32
		{8EB76892-BC06-4623-A238-DEA5FD36F0C6}.XeDebug|Mixed Platforms.ActiveCfg = Debug|Win32
		{8EB76892-BC06-4623-A238-DEA5FD36F0C6}.XeDebug|Win32.ActiveCfg = Debug|Win32
		{8EB76892-BC06-4623-A238-DEA5FD36F0C6}.XeDebug|Win32.Build.0 = Debug|Win32
		{8EB76892-BC06-4623-A238-DEA5FD36F0C6}.XeRelease|Mixed Platforms.ActiveCfg = Release|Win32
		{8EB76892-BC06-4623-A238-DEA5FD36F0C6}.XeRelease|Win32.ActiveCfg = Release|Win32
		{8EB76892-BC06-4623-A238-DEA5FD36F0C6}.XeRelease|Win32.Build.0 = Release|Win32
		{8EB76892-BC06-4623-A238-DEA5FD36F0C6}.XeReleaseLTCG|Mixed Platforms.ActiveCfg = Release|Win32
		{8EB76892-BC06-4623-A238-DEA5FD36F0C6}.XeReleaseLTCG|Win32.ActiveCfg = ReleaseLTCG|Win32
		{8EB76892-BC06-4623-A238-DEA5FD36F0C6}.XeReleaseLTCG|Win32.Build.0 = ReleaseLTCG|Win32
		{8EB76892-BC06-4623-A238-DEA5FD36F0C6}.XeReleaseLTCG-DebugConsole|Mixed Platforms.ActiveCfg = Release|Win32
		{8EB76892-BC06-4623-A238-DEA5FD36F0C6}.XeReleaseLTCG-DebugConsole|Win32.ActiveCfg = ReleaseLTCG|Win32
		{8EB76892-BC06-4623-A238-DEA5FD36F0C6}.XeReleaseLTCG-DebugConsole|Win32.Build.0 = ReleaseLTCG|Win32
		{62D5D40C-85AF-4767-9937-BA67FF1A2D4A}.Debug|Mixed Platforms.ActiveCfg = Debug|Win32
		{62D5D40C-85AF-4767-9937-BA67FF1A2D4A}.Debug|Mixed Platforms.Build.0 = Debug|Win32
		{62D5D40C-85AF-4767-9937-BA67FF1A2D4A}.Debug|Win32.ActiveCfg = Debug|Win32
		{62D5D40C-85AF-4767-9937-BA67FF1A2D4A}.Debug|Win32.Build.0 = Debug|Win32
		{62D5D40C-85AF-4767-9937-BA67FF1A2D4A}.PS3_Debug|Mixed Platforms.ActiveCfg = Debug|Win32
		{62D5D40C-85AF-4767-9937-BA67FF1A2D4A}.PS3_Debug|Win32.ActiveCfg = Debug|Win32
		{62D5D40C-85AF-4767-9937-BA67FF1A2D4A}.PS3_Debug|Win32.Build.0 = Debug|Win32
		{62D5D40C-85AF-4767-9937-BA67FF1A2D4A}.PS3_Release|Mixed Platforms.ActiveCfg = Release|Win32
		{62D5D40C-85AF-4767-9937-BA67FF1A2D4A}.PS3_Release|Win32.ActiveCfg = Release|Win32
		{62D5D40C-85AF-4767-9937-BA67FF1A2D4A}.PS3_Release|Win32.Build.0 = Release|Win32
		{62D5D40C-85AF-4767-9937-BA67FF1A2D4A}.Release|Mixed Platforms.ActiveCfg = Release|Win32
		{62D5D40C-85AF-4767-9937-BA67FF1A2D4A}.Release|Mixed Platforms.Build.0 = Release|Win32
		{62D5D40C-85AF-4767-9937-BA67FF1A2D4A}.Release|Win32.ActiveCfg = Release|Win32
		{62D5D40C-85AF-4767-9937-BA67FF1A2D4A}.Release|Win32.Build.0 = Release|Win32
		{62D5D40C-85AF-4767-9937-BA67FF1A2D4A}.ReleaseLTCG|Mixed Platforms.ActiveCfg = Release|Win32
		{62D5D40C-85AF-4767-9937-BA67FF1A2D4A}.ReleaseLTCG|Mixed Platforms.Build.0 = Release|Win32
		{62D5D40C-85AF-4767-9937-BA67FF1A2D4A}.ReleaseLTCG|Win32.ActiveCfg = ReleaseLTCG|Win32
		{62D5D40C-85AF-4767-9937-BA67FF1A2D4A}.ReleaseLTCG|Win32.Build.0 = ReleaseLTCG|Win32
		{62D5D40C-85AF-4767-9937-BA67FF1A2D4A}.XeDebug|Mixed Platforms.ActiveCfg = Debug|Win32
		{62D5D40C-85AF-4767-9937-BA67FF1A2D4A}.XeDebug|Win32.ActiveCfg = Debug|Win32
		{62D5D40C-85AF-4767-9937-BA67FF1A2D4A}.XeDebug|Win32.Build.0 = Debug|Win32
		{62D5D40C-85AF-4767-9937-BA67FF1A2D4A}.XeRelease|Mixed Platforms.ActiveCfg = Release|Win32
		{62D5D40C-85AF-4767-9937-BA67FF1A2D4A}.XeRelease|Win32.ActiveCfg = Release|Win32
		{62D5D40C-85AF-4767-9937-BA67FF1A2D4A}.XeRelease|Win32.Build.0 = Release|Win32
		{62D5D40C-85AF-4767-9937-BA67FF1A2D4A}.XeReleaseLTCG|Mixed Platforms.ActiveCfg = Release|Win32
		{62D5D40C-85AF-4767-9937-BA67FF1A2D4A}.XeReleaseLTCG|Win32.ActiveCfg = ReleaseLTCG|Win32
		{62D5D40C-85AF-4767-9937-BA67FF1A2D4A}.XeReleaseLTCG|Win32.Build.0 = ReleaseLTCG|Win32
		{62D5D40C-85AF-4767-9937-BA67FF1A2D4A}.XeReleaseLTCG-DebugConsole|Mixed Platforms.ActiveCfg = Release|Win32
		{62D5D40C-85AF-4767-9937-BA67FF1A2D4A}.XeReleaseLTCG-DebugConsole|Win32.ActiveCfg = ReleaseLTCG|Win32
		{62D5D40C-85AF-4767-9937-BA67FF1A2D4A}.XeReleaseLTCG-DebugConsole|Win32.Build.0 = ReleaseLTCG|Win32
		{368E448C-5015-49F7-B72C-E3A8B5B02B90}.Debug|Mixed Platforms.ActiveCfg = Debug|Win32
		{368E448C-5015-49F7-B72C-E3A8B5B02B90}.Debug|Mixed Platforms.Build.0 = Debug|Win32
		{368E448C-5015-49F7-B72C-E3A8B5B02B90}.Debug|Win32.ActiveCfg = Debug|Win32
		{368E448C-5015-49F7-B72C-E3A8B5B02B90}.Debug|Win32.Build.0 = Debug|Win32
		{368E448C-5015-49F7-B72C-E3A8B5B02B90}.PS3_Debug|Mixed Platforms.ActiveCfg = Debug|Win32
		{368E448C-5015-49F7-B72C-E3A8B5B02B90}.PS3_Debug|Win32.ActiveCfg = Debug|Win32
		{368E448C-5015-49F7-B72C-E3A8B5B02B90}.PS3_Debug|Win32.Build.0 = Debug|Win32
		{368E448C-5015-49F7-B72C-E3A8B5B02B90}.PS3_Release|Mixed Platforms.ActiveCfg = Release|Win32
		{368E448C-5015-49F7-B72C-E3A8B5B02B90}.PS3_Release|Win32.ActiveCfg = Release|Win32
		{368E448C-5015-49F7-B72C-E3A8B5B02B90}.PS3_Release|Win32.Build.0 = Release|Win32
		{368E448C-5015-49F7-B72C-E3A8B5B02B90}.Release|Mixed Platforms.ActiveCfg = Release|Win32
		{368E448C-5015-49F7-B72C-E3A8B5B02B90}.Release|Mixed Platforms.Build.0 = Release|Win32
		{368E448C-5015-49F7-B72C-E3A8B5B02B90}.Release|Win32.ActiveCfg = Release|Win32
		{368E448C-5015-49F7-B72C-E3A8B5B02B90}.Release|Win32.Build.0 = Release|Win32
		{368E448C-5015-49F7-B72C-E3A8B5B02B90}.ReleaseLTCG|Mixed Platforms.ActiveCfg = ReleaseLTCG|Win32
		{368E448C-5015-49F7-B72C-E3A8B5B02B90}.ReleaseLTCG|Mixed Platforms.Build.0 = ReleaseLTCG|Win32
		{368E448C-5015-49F7-B72C-E3A8B5B02B90}.ReleaseLTCG|Win32.ActiveCfg = ReleaseLTCG|Win32
		{368E448C-5015-49F7-B72C-E3A8B5B02B90}.ReleaseLTCG|Win32.Build.0 = ReleaseLTCG|Win32
		{368E448C-5015-49F7-B72C-E3A8B5B02B90}.XeDebug|Mixed Platforms.ActiveCfg = Debug|Win32
		{368E448C-5015-49F7-B72C-E3A8B5B02B90}.XeDebug|Win32.ActiveCfg = Debug|Win32
		{368E448C-5015-49F7-B72C-E3A8B5B02B90}.XeDebug|Win32.Build.0 = Debug|Win32
		{368E448C-5015-49F7-B72C-E3A8B5B02B90}.XeRelease|Mixed Platforms.ActiveCfg = Release|Win32
		{368E448C-5015-49F7-B72C-E3A8B5B02B90}.XeRelease|Win32.ActiveCfg = Release|Win32
		{368E448C-5015-49F7-B72C-E3A8B5B02B90}.XeRelease|Win32.Build.0 = Release|Win32
		{368E448C-5015-49F7-B72C-E3A8B5B02B90}.XeReleaseLTCG|Mixed Platforms.ActiveCfg = ReleaseLTCG|Win32
		{368E448C-5015-49F7-B72C-E3A8B5B02B90}.XeReleaseLTCG|Win32.ActiveCfg = ReleaseLTCG|Win32
		{368E448C-5015-49F7-B72C-E3A8B5B02B90}.XeReleaseLTCG|Win32.Build.0 = ReleaseLTCG|Win32
		{368E448C-5015-49F7-B72C-E3A8B5B02B90}.XeReleaseLTCG-DebugConsole|Mixed Platforms.ActiveCfg = Release|Win32
		{368E448C-5015-49F7-B72C-E3A8B5B02B90}.XeReleaseLTCG-DebugConsole|Win32.ActiveCfg = ReleaseLTCG|Win32
		{368E448C-5015-49F7-B72C-E3A8B5B02B90}.XeReleaseLTCG-DebugConsole|Win32.Build.0 = ReleaseLTCG|Win32
		{4E97A4B5-9FB5-48CA-B120-799D01D8936E}.Debug|Mixed Platforms.ActiveCfg = Debug|Win32
		{4E97A4B5-9FB5-48CA-B120-799D01D8936E}.Debug|Win32.ActiveCfg = Debug|Win32
		{4E97A4B5-9FB5-48CA-B120-799D01D8936E}.Debug|Win32.Build.0 = Debug|Win32
		{4E97A4B5-9FB5-48CA-B120-799D01D8936E}.PS3_Debug|Mixed Platforms.ActiveCfg = Debug|Win32
		{4E97A4B5-9FB5-48CA-B120-799D01D8936E}.PS3_Debug|Win32.ActiveCfg = Debug|Win32
		{4E97A4B5-9FB5-48CA-B120-799D01D8936E}.PS3_Debug|Win32.Build.0 = Debug|Win32
		{4E97A4B5-9FB5-48CA-B120-799D01D8936E}.PS3_Release|Mixed Platforms.ActiveCfg = Release|Win32
		{4E97A4B5-9FB5-48CA-B120-799D01D8936E}.PS3_Release|Win32.ActiveCfg = Release|Win32
		{4E97A4B5-9FB5-48CA-B120-799D01D8936E}.PS3_Release|Win32.Build.0 = Release|Win32
		{4E97A4B5-9FB5-48CA-B120-799D01D8936E}.Release|Mixed Platforms.ActiveCfg = Release|Win32
		{4E97A4B5-9FB5-48CA-B120-799D01D8936E}.Release|Win32.ActiveCfg = Release|Win32
		{4E97A4B5-9FB5-48CA-B120-799D01D8936E}.Release|Win32.Build.0 = Release|Win32
		{4E97A4B5-9FB5-48CA-B120-799D01D8936E}.ReleaseLTCG|Mixed Platforms.ActiveCfg = Release|Win32
		{4E97A4B5-9FB5-48CA-B120-799D01D8936E}.ReleaseLTCG|Win32.ActiveCfg = Release|Win32
		{4E97A4B5-9FB5-48CA-B120-799D01D8936E}.ReleaseLTCG|Win32.Build.0 = Release|Win32
		{4E97A4B5-9FB5-48CA-B120-799D01D8936E}.XeDebug|Mixed Platforms.ActiveCfg = Debug|Win32
		{4E97A4B5-9FB5-48CA-B120-799D01D8936E}.XeDebug|Win32.ActiveCfg = Debug|Win32
		{4E97A4B5-9FB5-48CA-B120-799D01D8936E}.XeDebug|Win32.Build.0 = Debug|Win32
		{4E97A4B5-9FB5-48CA-B120-799D01D8936E}.XeRelease|Mixed Platforms.ActiveCfg = Release|Win32
		{4E97A4B5-9FB5-48CA-B120-799D01D8936E}.XeRelease|Win32.ActiveCfg = Release|Win32
		{4E97A4B5-9FB5-48CA-B120-799D01D8936E}.XeRelease|Win32.Build.0 = Release|Win32
		{4E97A4B5-9FB5-48CA-B120-799D01D8936E}.XeReleaseLTCG|Mixed Platforms.ActiveCfg = Release|Win32
		{4E97A4B5-9FB5-48CA-B120-799D01D8936E}.XeReleaseLTCG|Win32.ActiveCfg = Release|Win32
		{4E97A4B5-9FB5-48CA-B120-799D01D8936E}.XeReleaseLTCG|Win32.Build.0 = Release|Win32
		{4E97A4B5-9FB5-48CA-B120-799D01D8936E}.XeReleaseLTCG-DebugConsole|Mixed Platforms.ActiveCfg = Release|Win32
		{4E97A4B5-9FB5-48CA-B120-799D01D8936E}.XeReleaseLTCG-DebugConsole|Win32.ActiveCfg = Release|Win32
		{4E97A4B5-9FB5-48CA-B120-799D01D8936E}.XeReleaseLTCG-DebugConsole|Win32.Build.0 = Release|Win32
	EndGlobalSection
	GlobalSection(SolutionProperties) = preSolution
		HideSolutionNode = FALSE
	EndGlobalSection
EndGlobal
