Microsoft Visual Studio Solution File, Format Version 8.00
Project("{FAE04EC0-301F-11D3-BF4B-00C04F79EFBC}") = "PackageDiffFrontEnd", "PackageDiffFrontEnd.csproj", "{0B04529C-9160-474D-989B-54BFA6B229D8}"
	ProjectSection(ProjectDependencies) = postProject
	EndProjectSection
EndProject
Global
	GlobalSection(SolutionConfiguration) = preSolution
		Debug = Debug
		Release = Release
	EndGlobalSection
	GlobalSection(ProjectConfiguration) = postSolution
		{0B04529C-9160-474D-989B-54BFA6B229D8}.Debug.ActiveCfg = Debug|.NET
		{0B04529C-9160-474D-989B-54BFA6B229D8}.Debug.Build.0 = Debug|.NET
		{0B04529C-9160-474D-989B-54BFA6B229D8}.Release.ActiveCfg = Release|.NET
		{0B04529C-9160-474D-989B-54BFA6B229D8}.Release.Build.0 = Release|.NET
	EndGlobalSection
	GlobalSection(ExtensibilityGlobals) = postSolution
	EndGlobalSection
	GlobalSection(ExtensibilityAddIns) = postSolution
	EndGlobalSection
EndGlobal
