Microsoft Visual Studio Solution File, Format Version 9.00
# Visual Studio 2005
Project("{FAE04EC0-301F-11D3-BF4B-00C04F79EFBC}") = "UnrealConsole", "UnrealConsole\UnrealConsole.csproj", "{4F93BCFA-B52C-4A55-91C6-A5FFBB748034}"
	ProjectSection(ProjectDependencies) = postProject
		{763D2919-71C4-4468-80A5-9339C6541556} = {763D2919-71C4-4468-80A5-9339C6541556}
	EndProjectSection
EndProject
Project("{8BC9CEB8-8B4A-11D0-8D11-00A0C91BC942}") = "ConsoleInterface", "..\ConsoleInterface\ConsoleInterface.vcproj", "{763D2919-71C4-4468-80A5-9339C6541556}"
EndProject
Global
	GlobalSection(SourceCodeControl) = preSolution
		SccNumberOfProjects = 3
		SccProjectUniqueName0 = ..\\ConsoleInterface\\ConsoleInterface.vcproj
		SccLocalPath0 = ..\\ConsoleInterface
		SccLocalPath1 = .
		SccProjectUniqueName2 = UnrealConsole\\UnrealConsole.csproj
		SccLocalPath2 = UnrealConsole
	EndGlobalSection
	GlobalSection(SolutionConfigurationPlatforms) = preSolution
		Debug|Any CPU = Debug|Any CPU
		Debug|Mixed Platforms = Debug|Mixed Platforms
		Debug|Win32 = Debug|Win32
		Release|Any CPU = Release|Any CPU
		Release|Mixed Platforms = Release|Mixed Platforms
		Release|Win32 = Release|Win32
	EndGlobalSection
	GlobalSection(ProjectConfigurationPlatforms) = postSolution
		{4F93BCFA-B52C-4A55-91C6-A5FFBB748034}.Debug|Any CPU.ActiveCfg = Debug|Any CPU
		{4F93BCFA-B52C-4A55-91C6-A5FFBB748034}.Debug|Any CPU.Build.0 = Debug|Any CPU
		{4F93BCFA-B52C-4A55-91C6-A5FFBB748034}.Debug|Mixed Platforms.ActiveCfg = Debug|Any CPU
		{4F93BCFA-B52C-4A55-91C6-A5FFBB748034}.Debug|Mixed Platforms.Build.0 = Debug|Any CPU
		{4F93BCFA-B52C-4A55-91C6-A5FFBB748034}.Debug|Win32.ActiveCfg = Debug|Any CPU
		{4F93BCFA-B52C-4A55-91C6-A5FFBB748034}.Release|Any CPU.ActiveCfg = Release|Any CPU
		{4F93BCFA-B52C-4A55-91C6-A5FFBB748034}.Release|Any CPU.Build.0 = Release|Any CPU
		{4F93BCFA-B52C-4A55-91C6-A5FFBB748034}.Release|Mixed Platforms.ActiveCfg = Release|Any CPU
		{4F93BCFA-B52C-4A55-91C6-A5FFBB748034}.Release|Mixed Platforms.Build.0 = Release|Any CPU
		{4F93BCFA-B52C-4A55-91C6-A5FFBB748034}.Release|Win32.ActiveCfg = Release|Any CPU
		{763D2919-71C4-4468-80A5-9339C6541556}.Debug|Any CPU.ActiveCfg = Debug|Win32
		{763D2919-71C4-4468-80A5-9339C6541556}.Debug|Mixed Platforms.ActiveCfg = Debug|Win32
		{763D2919-71C4-4468-80A5-9339C6541556}.Debug|Mixed Platforms.Build.0 = Debug|Win32
		{763D2919-71C4-4468-80A5-9339C6541556}.Debug|Win32.ActiveCfg = Debug|Win32
		{763D2919-71C4-4468-80A5-9339C6541556}.Debug|Win32.Build.0 = Debug|Win32
		{763D2919-71C4-4468-80A5-9339C6541556}.Release|Any CPU.ActiveCfg = Release|Win32
		{763D2919-71C4-4468-80A5-9339C6541556}.Release|Mixed Platforms.ActiveCfg = Release|Win32
		{763D2919-71C4-4468-80A5-9339C6541556}.Release|Mixed Platforms.Build.0 = Release|Win32
		{763D2919-71C4-4468-80A5-9339C6541556}.Release|Win32.ActiveCfg = Release|Win32
		{763D2919-71C4-4468-80A5-9339C6541556}.Release|Win32.Build.0 = Release|Win32
	EndGlobalSection
	GlobalSection(SolutionProperties) = preSolution
		HideSolutionNode = FALSE
	EndGlobalSection
EndGlobal
